
Microsoft Visual Studio Solution File, Format Version 12.00
# Visual Studio Version 17
VisualStudioVersion = 17.9.34407.89
MinimumVisualStudioVersion = 10.0.40219.1
Project("{9A19103F-16F7-4668-BE54-9A1E7A4F7556}") = "SetupLib", "SetupLib\SetupLib.csproj", "{238AFC25-373E-4F03-85C4-743B673CCEA3}"
EndProject
Project("{9A19103F-16F7-4668-BE54-9A1E7A4F7556}") = "VkNet.AudioBypassService", "VkNet.AudioBypassService\VkNet.AudioBypassService.csproj", "{F7EC83CF-D816-411D-93B8-94F0360FC93F}"
	ProjectSection(ProjectDependencies) = postProject
		{C56E0370-C83F-4E89-9A24-AC50E10360C5} = {C56E0370-C83F-4E89-9A24-AC50E10360C5}
	EndProjectSection
EndProject
Project("{9A19103F-16F7-4668-BE54-9A1E7A4F7556}") = "VkNet.Extensions.DependencyInjection", "VkNet.Extensions.DependencyInjection\VkNet.Extensions.DependencyInjection.csproj", "{4121DA51-CCE1-43FA-A5EC-CCBB0EAFA98A}"
	ProjectSection(ProjectDependencies) = postProject
		{C56E0370-C83F-4E89-9A24-AC50E10360C5} = {C56E0370-C83F-4E89-9A24-AC50E10360C5}
	EndProjectSection
EndProject
Project("{9A19103F-16F7-4668-BE54-9A1E7A4F7556}") = "Setup", "Setup\Setup.csproj", "{3140B7E1-7834-410E-82B5-959B3978FA08}"
EndProject
Project("{9A19103F-16F7-4668-BE54-9A1E7A4F7556}") = "VK UI3", "VK UI3\VK UI3.csproj", "{721CA9F4-7889-4694-B939-A1A1D3CC2C6D}"
	ProjectSection(ProjectDependencies) = postProject
		{CC7E35BF-30FE-4BCE-B773-74DD4D6F6761} = {CC7E35BF-30FE-4BCE-B773-74DD4D6F6761}
	EndProjectSection
EndProject
Project("{C7167F0D-BC9F-4E6E-AFE1-012C56B48DB5}") = "VK UI3 (Package)", "VK UI3 (Package)\VK UI3 (Package).wapproj", "{3074CE09-1E1F-4A30-A782-0D2641345E9D}"
EndProject
Project("{9A19103F-16F7-4668-BE54-9A1E7A4F7556}") = "MusicX.Core", "MusicX.Core\MusicX.Core.csproj", "{E303AC66-AE1B-40F3-A15E-04831D0D9AD4}"
	ProjectSection(ProjectDependencies) = postProject
		{C56E0370-C83F-4E89-9A24-AC50E10360C5} = {C56E0370-C83F-4E89-9A24-AC50E10360C5}
	EndProjectSection
EndProject
Project("{9A19103F-16F7-4668-BE54-9A1E7A4F7556}") = "MusicX.Shared", "MusicX.Shared\MusicX.Shared.csproj", "{EBC6B31B-1D7C-4B45-A893-2C6E7A4FBFD0}"
EndProject
Project("{9A19103F-16F7-4668-BE54-9A1E7A4F7556}") = "SignalR.Protobuf", "SignalR.Protobuf\SignalR.Protobuf.csproj", "{66D4F221-B4ED-46E9-A2DA-ABF8EFE99490}"
EndProject
Project("{9A19103F-16F7-4668-BE54-9A1E7A4F7556}") = "VkNet", "VkNet\VkNet.csproj", "{C56E0370-C83F-4E89-9A24-AC50E10360C5}"
EndProject
Project("{FAE04EC0-301F-11D3-BF4B-00C04F79EFBC}") = "StatSlyLib", "StatSlyLib\StatSlyLib.csproj", "{CC7E35BF-30FE-4BCE-B773-74DD4D6F6761}"
EndProject
Project("{FAE04EC0-301F-11D3-BF4B-00C04F79EFBC}") = "DiscordRPC", "DiscordRPC\DiscordRPC.csproj", "{8564D717-9497-C00D-B305-087F25F30FF2}"
EndProject
Project("{FAE04EC0-301F-11D3-BF4B-00C04F79EFBC}") = "FFMediaToolkit", "FFMediaToolkit\FFMediaToolkit.csproj", "{96668D2D-936C-29F9-A0C1-3E30AFD7C953}"
EndProject
Project("{FAE04EC0-301F-11D3-BF4B-00C04F79EFBC}") = "SetupWinUI", "SetupWinUI\SetupWinUI.csproj", "{D931380E-FBA1-4F27-8C1B-84AB64FD162A}"
EndProject
Project("{FAE04EC0-301F-11D3-BF4B-00C04F79EFBC}") = "VkBridgeCS", "VkBridgeCS\VkBridgeCS.csproj", "{C6CBF96D-7987-DEDF-4337-9D361B854006}"
EndProject
Project("{8BC9CEB8-8B4A-11D0-8D11-00A0C91BC942}") = "WinRTAdapter", "WinRTAdapter\WinRTAdapter.vcxproj", "{9E7C8A6D-F3DA-40F3-A110-B6579072F053}"
EndProject
Global
	GlobalSection(SolutionConfigurationPlatforms) = preSolution
		Debug|Any CPU = Debug|Any CPU
		Debug|ARM = Debug|ARM
		Debug|ARM64 = Debug|ARM64
		Debug|x64 = Debug|x64
		Debug|x86 = Debug|x86
		Release|Any CPU = Release|Any CPU
		Release|ARM = Release|ARM
		Release|ARM64 = Release|ARM64
		Release|x64 = Release|x64
		Release|x86 = Release|x86
		Unpacked|Any CPU = Unpacked|Any CPU
		Unpacked|ARM = Unpacked|ARM
		Unpacked|ARM64 = Unpacked|ARM64
		Unpacked|x64 = Unpacked|x64
		Unpacked|x86 = Unpacked|x86
	EndGlobalSection
	GlobalSection(ProjectConfigurationPlatforms) = postSolution
		{238AFC25-373E-4F03-85C4-743B673CCEA3}.Debug|Any CPU.ActiveCfg = Debug|Any CPU
		{238AFC25-373E-4F03-85C4-743B673CCEA3}.Debug|Any CPU.Build.0 = Debug|Any CPU
		{238AFC25-373E-4F03-85C4-743B673CCEA3}.Debug|ARM.ActiveCfg = Debug|Any CPU
		{238AFC25-373E-4F03-85C4-743B673CCEA3}.Debug|ARM.Build.0 = Debug|Any CPU
		{238AFC25-373E-4F03-85C4-743B673CCEA3}.Debug|ARM64.ActiveCfg = Debug|Any CPU
		{238AFC25-373E-4F03-85C4-743B673CCEA3}.Debug|ARM64.Build.0 = Debug|Any CPU
		{238AFC25-373E-4F03-85C4-743B673CCEA3}.Debug|x64.ActiveCfg = Debug|Any CPU
		{238AFC25-373E-4F03-85C4-743B673CCEA3}.Debug|x64.Build.0 = Debug|Any CPU
		{238AFC25-373E-4F03-85C4-743B673CCEA3}.Debug|x86.ActiveCfg = Debug|Any CPU
		{238AFC25-373E-4F03-85C4-743B673CCEA3}.Debug|x86.Build.0 = Debug|Any CPU
		{238AFC25-373E-4F03-85C4-743B673CCEA3}.Release|Any CPU.ActiveCfg = Release|Any CPU
		{238AFC25-373E-4F03-85C4-743B673CCEA3}.Release|Any CPU.Build.0 = Release|Any CPU
		{238AFC25-373E-4F03-85C4-743B673CCEA3}.Release|ARM.ActiveCfg = Release|Any CPU
		{238AFC25-373E-4F03-85C4-743B673CCEA3}.Release|ARM.Build.0 = Release|Any CPU
		{238AFC25-373E-4F03-85C4-743B673CCEA3}.Release|ARM64.ActiveCfg = Release|Any CPU
		{238AFC25-373E-4F03-85C4-743B673CCEA3}.Release|ARM64.Build.0 = Release|Any CPU
		{238AFC25-373E-4F03-85C4-743B673CCEA3}.Release|x64.ActiveCfg = Release|Any CPU
		{238AFC25-373E-4F03-85C4-743B673CCEA3}.Release|x64.Build.0 = Release|Any CPU
		{238AFC25-373E-4F03-85C4-743B673CCEA3}.Release|x86.ActiveCfg = Release|Any CPU
		{238AFC25-373E-4F03-85C4-743B673CCEA3}.Release|x86.Build.0 = Release|Any CPU
		{238AFC25-373E-4F03-85C4-743B673CCEA3}.Unpacked|Any CPU.ActiveCfg = Unpacked|Any CPU
		{238AFC25-373E-4F03-85C4-743B673CCEA3}.Unpacked|Any CPU.Build.0 = Unpacked|Any CPU
		{238AFC25-373E-4F03-85C4-743B673CCEA3}.Unpacked|ARM.ActiveCfg = Unpacked|Any CPU
		{238AFC25-373E-4F03-85C4-743B673CCEA3}.Unpacked|ARM.Build.0 = Unpacked|Any CPU
		{238AFC25-373E-4F03-85C4-743B673CCEA3}.Unpacked|ARM64.ActiveCfg = Unpacked|Any CPU
		{238AFC25-373E-4F03-85C4-743B673CCEA3}.Unpacked|ARM64.Build.0 = Unpacked|Any CPU
		{238AFC25-373E-4F03-85C4-743B673CCEA3}.Unpacked|x64.ActiveCfg = Unpacked|Any CPU
		{238AFC25-373E-4F03-85C4-743B673CCEA3}.Unpacked|x64.Build.0 = Unpacked|Any CPU
		{238AFC25-373E-4F03-85C4-743B673CCEA3}.Unpacked|x86.ActiveCfg = Unpacked|Any CPU
		{238AFC25-373E-4F03-85C4-743B673CCEA3}.Unpacked|x86.Build.0 = Unpacked|Any CPU
		{F7EC83CF-D816-411D-93B8-94F0360FC93F}.Debug|Any CPU.ActiveCfg = Debug|Any CPU
		{F7EC83CF-D816-411D-93B8-94F0360FC93F}.Debug|Any CPU.Build.0 = Debug|Any CPU
		{F7EC83CF-D816-411D-93B8-94F0360FC93F}.Debug|ARM.ActiveCfg = Debug|Any CPU
		{F7EC83CF-D816-411D-93B8-94F0360FC93F}.Debug|ARM.Build.0 = Debug|Any CPU
		{F7EC83CF-D816-411D-93B8-94F0360FC93F}.Debug|ARM64.ActiveCfg = Debug|Any CPU
		{F7EC83CF-D816-411D-93B8-94F0360FC93F}.Debug|ARM64.Build.0 = Debug|Any CPU
		{F7EC83CF-D816-411D-93B8-94F0360FC93F}.Debug|x64.ActiveCfg = Debug|Any CPU
		{F7EC83CF-D816-411D-93B8-94F0360FC93F}.Debug|x64.Build.0 = Debug|Any CPU
		{F7EC83CF-D816-411D-93B8-94F0360FC93F}.Debug|x86.ActiveCfg = Debug|Any CPU
		{F7EC83CF-D816-411D-93B8-94F0360FC93F}.Debug|x86.Build.0 = Debug|Any CPU
		{F7EC83CF-D816-411D-93B8-94F0360FC93F}.Release|Any CPU.ActiveCfg = Release|Any CPU
		{F7EC83CF-D816-411D-93B8-94F0360FC93F}.Release|Any CPU.Build.0 = Release|Any CPU
		{F7EC83CF-D816-411D-93B8-94F0360FC93F}.Release|ARM.ActiveCfg = Release|Any CPU
		{F7EC83CF-D816-411D-93B8-94F0360FC93F}.Release|ARM.Build.0 = Release|Any CPU
		{F7EC83CF-D816-411D-93B8-94F0360FC93F}.Release|ARM64.ActiveCfg = Release|Any CPU
		{F7EC83CF-D816-411D-93B8-94F0360FC93F}.Release|ARM64.Build.0 = Release|Any CPU
		{F7EC83CF-D816-411D-93B8-94F0360FC93F}.Release|x64.ActiveCfg = Release|Any CPU
		{F7EC83CF-D816-411D-93B8-94F0360FC93F}.Release|x64.Build.0 = Release|Any CPU
		{F7EC83CF-D816-411D-93B8-94F0360FC93F}.Release|x86.ActiveCfg = Release|Any CPU
		{F7EC83CF-D816-411D-93B8-94F0360FC93F}.Release|x86.Build.0 = Release|Any CPU
		{F7EC83CF-D816-411D-93B8-94F0360FC93F}.Unpacked|Any CPU.ActiveCfg = Unpacked|Any CPU
		{F7EC83CF-D816-411D-93B8-94F0360FC93F}.Unpacked|Any CPU.Build.0 = Unpacked|Any CPU
		{F7EC83CF-D816-411D-93B8-94F0360FC93F}.Unpacked|ARM.ActiveCfg = Unpacked|Any CPU
		{F7EC83CF-D816-411D-93B8-94F0360FC93F}.Unpacked|ARM.Build.0 = Unpacked|Any CPU
		{F7EC83CF-D816-411D-93B8-94F0360FC93F}.Unpacked|ARM64.ActiveCfg = Unpacked|Any CPU
		{F7EC83CF-D816-411D-93B8-94F0360FC93F}.Unpacked|ARM64.Build.0 = Unpacked|Any CPU
		{F7EC83CF-D816-411D-93B8-94F0360FC93F}.Unpacked|x64.ActiveCfg = Unpacked|x64
		{F7EC83CF-D816-411D-93B8-94F0360FC93F}.Unpacked|x64.Build.0 = Unpacked|x64
		{F7EC83CF-D816-411D-93B8-94F0360FC93F}.Unpacked|x86.ActiveCfg = Unpacked|Any CPU
		{F7EC83CF-D816-411D-93B8-94F0360FC93F}.Unpacked|x86.Build.0 = Unpacked|Any CPU
		{4121DA51-CCE1-43FA-A5EC-CCBB0EAFA98A}.Debug|Any CPU.ActiveCfg = Debug|Any CPU
		{4121DA51-CCE1-43FA-A5EC-CCBB0EAFA98A}.Debug|Any CPU.Build.0 = Debug|Any CPU
		{4121DA51-CCE1-43FA-A5EC-CCBB0EAFA98A}.Debug|ARM.ActiveCfg = Debug|Any CPU
		{4121DA51-CCE1-43FA-A5EC-CCBB0EAFA98A}.Debug|ARM.Build.0 = Debug|Any CPU
		{4121DA51-CCE1-43FA-A5EC-CCBB0EAFA98A}.Debug|ARM64.ActiveCfg = Debug|Any CPU
		{4121DA51-CCE1-43FA-A5EC-CCBB0EAFA98A}.Debug|ARM64.Build.0 = Debug|Any CPU
		{4121DA51-CCE1-43FA-A5EC-CCBB0EAFA98A}.Debug|x64.ActiveCfg = Debug|Any CPU
		{4121DA51-CCE1-43FA-A5EC-CCBB0EAFA98A}.Debug|x64.Build.0 = Debug|Any CPU
		{4121DA51-CCE1-43FA-A5EC-CCBB0EAFA98A}.Debug|x86.ActiveCfg = Debug|Any CPU
		{4121DA51-CCE1-43FA-A5EC-CCBB0EAFA98A}.Debug|x86.Build.0 = Debug|Any CPU
		{4121DA51-CCE1-43FA-A5EC-CCBB0EAFA98A}.Release|Any CPU.ActiveCfg = Release|Any CPU
		{4121DA51-CCE1-43FA-A5EC-CCBB0EAFA98A}.Release|Any CPU.Build.0 = Release|Any CPU
		{4121DA51-CCE1-43FA-A5EC-CCBB0EAFA98A}.Release|ARM.ActiveCfg = Release|Any CPU
		{4121DA51-CCE1-43FA-A5EC-CCBB0EAFA98A}.Release|ARM.Build.0 = Release|Any CPU
		{4121DA51-CCE1-43FA-A5EC-CCBB0EAFA98A}.Release|ARM64.ActiveCfg = Release|Any CPU
		{4121DA51-CCE1-43FA-A5EC-CCBB0EAFA98A}.Release|ARM64.Build.0 = Release|Any CPU
		{4121DA51-CCE1-43FA-A5EC-CCBB0EAFA98A}.Release|x64.ActiveCfg = Release|Any CPU
		{4121DA51-CCE1-43FA-A5EC-CCBB0EAFA98A}.Release|x64.Build.0 = Release|Any CPU
		{4121DA51-CCE1-43FA-A5EC-CCBB0EAFA98A}.Release|x86.ActiveCfg = Release|Any CPU
		{4121DA51-CCE1-43FA-A5EC-CCBB0EAFA98A}.Release|x86.Build.0 = Release|Any CPU
		{4121DA51-CCE1-43FA-A5EC-CCBB0EAFA98A}.Unpacked|Any CPU.ActiveCfg = Unpacked|Any CPU
		{4121DA51-CCE1-43FA-A5EC-CCBB0EAFA98A}.Unpacked|Any CPU.Build.0 = Unpacked|Any CPU
		{4121DA51-CCE1-43FA-A5EC-CCBB0EAFA98A}.Unpacked|ARM.ActiveCfg = Unpacked|Any CPU
		{4121DA51-CCE1-43FA-A5EC-CCBB0EAFA98A}.Unpacked|ARM.Build.0 = Unpacked|Any CPU
		{4121DA51-CCE1-43FA-A5EC-CCBB0EAFA98A}.Unpacked|ARM64.ActiveCfg = Unpacked|Any CPU
		{4121DA51-CCE1-43FA-A5EC-CCBB0EAFA98A}.Unpacked|ARM64.Build.0 = Unpacked|Any CPU
		{4121DA51-CCE1-43FA-A5EC-CCBB0EAFA98A}.Unpacked|x64.ActiveCfg = Unpacked|x64
		{4121DA51-CCE1-43FA-A5EC-CCBB0EAFA98A}.Unpacked|x64.Build.0 = Unpacked|x64
		{4121DA51-CCE1-43FA-A5EC-CCBB0EAFA98A}.Unpacked|x86.ActiveCfg = Unpacked|Any CPU
		{4121DA51-CCE1-43FA-A5EC-CCBB0EAFA98A}.Unpacked|x86.Build.0 = Unpacked|Any CPU
		{3140B7E1-7834-410E-82B5-959B3978FA08}.Debug|Any CPU.ActiveCfg = Debug|Any CPU
		{3140B7E1-7834-410E-82B5-959B3978FA08}.Debug|Any CPU.Build.0 = Debug|Any CPU
		{3140B7E1-7834-410E-82B5-959B3978FA08}.Debug|ARM.ActiveCfg = Debug|Any CPU
		{3140B7E1-7834-410E-82B5-959B3978FA08}.Debug|ARM.Build.0 = Debug|Any CPU
		{3140B7E1-7834-410E-82B5-959B3978FA08}.Debug|ARM64.ActiveCfg = Debug|Any CPU
		{3140B7E1-7834-410E-82B5-959B3978FA08}.Debug|ARM64.Build.0 = Debug|Any CPU
		{3140B7E1-7834-410E-82B5-959B3978FA08}.Debug|x64.ActiveCfg = Debug|Any CPU
		{3140B7E1-7834-410E-82B5-959B3978FA08}.Debug|x64.Build.0 = Debug|Any CPU
		{3140B7E1-7834-410E-82B5-959B3978FA08}.Debug|x86.ActiveCfg = Debug|Any CPU
		{3140B7E1-7834-410E-82B5-959B3978FA08}.Debug|x86.Build.0 = Debug|Any CPU
		{3140B7E1-7834-410E-82B5-959B3978FA08}.Release|Any CPU.ActiveCfg = Release|Any CPU
		{3140B7E1-7834-410E-82B5-959B3978FA08}.Release|Any CPU.Build.0 = Release|Any CPU
		{3140B7E1-7834-410E-82B5-959B3978FA08}.Release|ARM.ActiveCfg = Release|Any CPU
		{3140B7E1-7834-410E-82B5-959B3978FA08}.Release|ARM.Build.0 = Release|Any CPU
		{3140B7E1-7834-410E-82B5-959B3978FA08}.Release|ARM64.ActiveCfg = Release|Any CPU
		{3140B7E1-7834-410E-82B5-959B3978FA08}.Release|ARM64.Build.0 = Release|Any CPU
		{3140B7E1-7834-410E-82B5-959B3978FA08}.Release|x64.ActiveCfg = Release|Any CPU
		{3140B7E1-7834-410E-82B5-959B3978FA08}.Release|x64.Build.0 = Release|Any CPU
		{3140B7E1-7834-410E-82B5-959B3978FA08}.Release|x86.ActiveCfg = Release|Any CPU
		{3140B7E1-7834-410E-82B5-959B3978FA08}.Release|x86.Build.0 = Release|Any CPU
		{3140B7E1-7834-410E-82B5-959B3978FA08}.Unpacked|Any CPU.ActiveCfg = Unpacked|Any CPU
		{3140B7E1-7834-410E-82B5-959B3978FA08}.Unpacked|Any CPU.Build.0 = Unpacked|Any CPU
		{3140B7E1-7834-410E-82B5-959B3978FA08}.Unpacked|ARM.ActiveCfg = Unpacked|Any CPU
		{3140B7E1-7834-410E-82B5-959B3978FA08}.Unpacked|ARM.Build.0 = Unpacked|Any CPU
		{3140B7E1-7834-410E-82B5-959B3978FA08}.Unpacked|ARM64.ActiveCfg = Unpacked|Any CPU
		{3140B7E1-7834-410E-82B5-959B3978FA08}.Unpacked|ARM64.Build.0 = Unpacked|Any CPU
		{3140B7E1-7834-410E-82B5-959B3978FA08}.Unpacked|x64.ActiveCfg = Unpacked|Any CPU
		{3140B7E1-7834-410E-82B5-959B3978FA08}.Unpacked|x64.Build.0 = Unpacked|Any CPU
		{3140B7E1-7834-410E-82B5-959B3978FA08}.Unpacked|x86.ActiveCfg = Unpacked|Any CPU
		{3140B7E1-7834-410E-82B5-959B3978FA08}.Unpacked|x86.Build.0 = Unpacked|Any CPU
		{721CA9F4-7889-4694-B939-A1A1D3CC2C6D}.Debug|Any CPU.ActiveCfg = Debug|x64
		{721CA9F4-7889-4694-B939-A1A1D3CC2C6D}.Debug|Any CPU.Build.0 = Debug|x64
		{721CA9F4-7889-4694-B939-A1A1D3CC2C6D}.Debug|ARM.ActiveCfg = Debug|x64
		{721CA9F4-7889-4694-B939-A1A1D3CC2C6D}.Debug|ARM.Build.0 = Debug|x64
		{721CA9F4-7889-4694-B939-A1A1D3CC2C6D}.Debug|ARM64.ActiveCfg = Debug|x64
		{721CA9F4-7889-4694-B939-A1A1D3CC2C6D}.Debug|x64.ActiveCfg = Debug|x64
		{721CA9F4-7889-4694-B939-A1A1D3CC2C6D}.Debug|x64.Build.0 = Debug|x64
		{721CA9F4-7889-4694-B939-A1A1D3CC2C6D}.Debug|x86.ActiveCfg = Debug|x64
		{721CA9F4-7889-4694-B939-A1A1D3CC2C6D}.Release|Any CPU.ActiveCfg = Release|x64
		{721CA9F4-7889-4694-B939-A1A1D3CC2C6D}.Release|Any CPU.Build.0 = Release|x64
		{721CA9F4-7889-4694-B939-A1A1D3CC2C6D}.Release|ARM.ActiveCfg = Release|x64
		{721CA9F4-7889-4694-B939-A1A1D3CC2C6D}.Release|ARM.Build.0 = Release|x64
		{721CA9F4-7889-4694-B939-A1A1D3CC2C6D}.Release|ARM64.ActiveCfg = Release|x64
		{721CA9F4-7889-4694-B939-A1A1D3CC2C6D}.Release|x64.ActiveCfg = Release|x64
		{721CA9F4-7889-4694-B939-A1A1D3CC2C6D}.Release|x64.Build.0 = Release|x64
		{721CA9F4-7889-4694-B939-A1A1D3CC2C6D}.Release|x86.ActiveCfg = Release|x64
		{721CA9F4-7889-4694-B939-A1A1D3CC2C6D}.Unpacked|Any CPU.ActiveCfg = Unpacked|x64
		{721CA9F4-7889-4694-B939-A1A1D3CC2C6D}.Unpacked|Any CPU.Build.0 = Unpacked|x64
		{721CA9F4-7889-4694-B939-A1A1D3CC2C6D}.Unpacked|ARM.ActiveCfg = Unpacked|x64
		{721CA9F4-7889-4694-B939-A1A1D3CC2C6D}.Unpacked|ARM.Build.0 = Unpacked|x64
		{721CA9F4-7889-4694-B939-A1A1D3CC2C6D}.Unpacked|ARM64.ActiveCfg = Unpacked|x64
		{721CA9F4-7889-4694-B939-A1A1D3CC2C6D}.Unpacked|ARM64.Build.0 = Unpacked|x64
		{721CA9F4-7889-4694-B939-A1A1D3CC2C6D}.Unpacked|x64.ActiveCfg = Unpacked|x64
		{721CA9F4-7889-4694-B939-A1A1D3CC2C6D}.Unpacked|x64.Build.0 = Unpacked|x64
		{721CA9F4-7889-4694-B939-A1A1D3CC2C6D}.Unpacked|x86.ActiveCfg = Unpacked|x64
		{721CA9F4-7889-4694-B939-A1A1D3CC2C6D}.Unpacked|x86.Build.0 = Unpacked|x64
		{3074CE09-1E1F-4A30-A782-0D2641345E9D}.Debug|Any CPU.ActiveCfg = Debug|x64
		{3074CE09-1E1F-4A30-A782-0D2641345E9D}.Debug|Any CPU.Build.0 = Debug|x64
		{3074CE09-1E1F-4A30-A782-0D2641345E9D}.Debug|Any CPU.Deploy.0 = Debug|x64
		{3074CE09-1E1F-4A30-A782-0D2641345E9D}.Debug|ARM.ActiveCfg = Debug|x64
		{3074CE09-1E1F-4A30-A782-0D2641345E9D}.Debug|ARM.Build.0 = Debug|x64
		{3074CE09-1E1F-4A30-A782-0D2641345E9D}.Debug|ARM.Deploy.0 = Debug|x64
		{3074CE09-1E1F-4A30-A782-0D2641345E9D}.Debug|ARM64.ActiveCfg = Debug|ARM64
		{3074CE09-1E1F-4A30-A782-0D2641345E9D}.Debug|ARM64.Build.0 = Debug|ARM64
		{3074CE09-1E1F-4A30-A782-0D2641345E9D}.Debug|ARM64.Deploy.0 = Debug|ARM64
		{3074CE09-1E1F-4A30-A782-0D2641345E9D}.Debug|x64.ActiveCfg = Debug|x64
		{3074CE09-1E1F-4A30-A782-0D2641345E9D}.Debug|x64.Build.0 = Debug|x64
		{3074CE09-1E1F-4A30-A782-0D2641345E9D}.Debug|x64.Deploy.0 = Debug|x64
		{3074CE09-1E1F-4A30-A782-0D2641345E9D}.Debug|x86.ActiveCfg = Debug|x86
		{3074CE09-1E1F-4A30-A782-0D2641345E9D}.Debug|x86.Build.0 = Debug|x86
		{3074CE09-1E1F-4A30-A782-0D2641345E9D}.Debug|x86.Deploy.0 = Debug|x86
		{3074CE09-1E1F-4A30-A782-0D2641345E9D}.Release|Any CPU.ActiveCfg = Release|x64
		{3074CE09-1E1F-4A30-A782-0D2641345E9D}.Release|Any CPU.Build.0 = Release|x64
		{3074CE09-1E1F-4A30-A782-0D2641345E9D}.Release|Any CPU.Deploy.0 = Release|x64
		{3074CE09-1E1F-4A30-A782-0D2641345E9D}.Release|ARM.ActiveCfg = Release|x64
		{3074CE09-1E1F-4A30-A782-0D2641345E9D}.Release|ARM.Build.0 = Release|x64
		{3074CE09-1E1F-4A30-A782-0D2641345E9D}.Release|ARM.Deploy.0 = Release|x64
		{3074CE09-1E1F-4A30-A782-0D2641345E9D}.Release|ARM64.ActiveCfg = Release|ARM64
		{3074CE09-1E1F-4A30-A782-0D2641345E9D}.Release|ARM64.Build.0 = Release|ARM64
		{3074CE09-1E1F-4A30-A782-0D2641345E9D}.Release|ARM64.Deploy.0 = Release|ARM64
		{3074CE09-1E1F-4A30-A782-0D2641345E9D}.Release|x64.ActiveCfg = Release|x64
		{3074CE09-1E1F-4A30-A782-0D2641345E9D}.Release|x64.Build.0 = Release|x64
		{3074CE09-1E1F-4A30-A782-0D2641345E9D}.Release|x64.Deploy.0 = Release|x64
		{3074CE09-1E1F-4A30-A782-0D2641345E9D}.Release|x86.ActiveCfg = Release|x86
		{3074CE09-1E1F-4A30-A782-0D2641345E9D}.Release|x86.Build.0 = Release|x86
		{3074CE09-1E1F-4A30-A782-0D2641345E9D}.Release|x86.Deploy.0 = Release|x86
		{3074CE09-1E1F-4A30-A782-0D2641345E9D}.Unpacked|Any CPU.ActiveCfg = Unpacked|x64
		{3074CE09-1E1F-4A30-A782-0D2641345E9D}.Unpacked|Any CPU.Build.0 = Unpacked|x64
		{3074CE09-1E1F-4A30-A782-0D2641345E9D}.Unpacked|Any CPU.Deploy.0 = Unpacked|x64
		{3074CE09-1E1F-4A30-A782-0D2641345E9D}.Unpacked|ARM.ActiveCfg = Unpacked|x64
		{3074CE09-1E1F-4A30-A782-0D2641345E9D}.Unpacked|ARM.Build.0 = Unpacked|x64
		{3074CE09-1E1F-4A30-A782-0D2641345E9D}.Unpacked|ARM.Deploy.0 = Unpacked|x64
		{3074CE09-1E1F-4A30-A782-0D2641345E9D}.Unpacked|ARM64.ActiveCfg = Unpacked|ARM64
		{3074CE09-1E1F-4A30-A782-0D2641345E9D}.Unpacked|ARM64.Build.0 = Unpacked|ARM64
		{3074CE09-1E1F-4A30-A782-0D2641345E9D}.Unpacked|ARM64.Deploy.0 = Unpacked|ARM64
		{3074CE09-1E1F-4A30-A782-0D2641345E9D}.Unpacked|x64.ActiveCfg = Unpacked|x64
		{3074CE09-1E1F-4A30-A782-0D2641345E9D}.Unpacked|x64.Build.0 = Unpacked|x64
		{3074CE09-1E1F-4A30-A782-0D2641345E9D}.Unpacked|x64.Deploy.0 = Unpacked|x64
		{3074CE09-1E1F-4A30-A782-0D2641345E9D}.Unpacked|x86.ActiveCfg = Unpacked|x86
		{3074CE09-1E1F-4A30-A782-0D2641345E9D}.Unpacked|x86.Build.0 = Unpacked|x86
		{3074CE09-1E1F-4A30-A782-0D2641345E9D}.Unpacked|x86.Deploy.0 = Unpacked|x86
		{E303AC66-AE1B-40F3-A15E-04831D0D9AD4}.Debug|Any CPU.ActiveCfg = Debug|x64
		{E303AC66-AE1B-40F3-A15E-04831D0D9AD4}.Debug|Any CPU.Build.0 = Debug|x64
		{E303AC66-AE1B-40F3-A15E-04831D0D9AD4}.Debug|ARM.ActiveCfg = Debug|x64
		{E303AC66-AE1B-40F3-A15E-04831D0D9AD4}.Debug|ARM.Build.0 = Debug|x64
		{E303AC66-AE1B-40F3-A15E-04831D0D9AD4}.Debug|ARM64.ActiveCfg = Debug|ARM64
		{E303AC66-AE1B-40F3-A15E-04831D0D9AD4}.Debug|ARM64.Build.0 = Debug|ARM64
		{E303AC66-AE1B-40F3-A15E-04831D0D9AD4}.Debug|x64.ActiveCfg = Debug|x64
		{E303AC66-AE1B-40F3-A15E-04831D0D9AD4}.Debug|x64.Build.0 = Debug|x64
		{E303AC66-AE1B-40F3-A15E-04831D0D9AD4}.Debug|x86.ActiveCfg = Debug|x86
		{E303AC66-AE1B-40F3-A15E-04831D0D9AD4}.Debug|x86.Build.0 = Debug|x86
		{E303AC66-AE1B-40F3-A15E-04831D0D9AD4}.Release|Any CPU.ActiveCfg = Release|x64
		{E303AC66-AE1B-40F3-A15E-04831D0D9AD4}.Release|Any CPU.Build.0 = Release|x64
		{E303AC66-AE1B-40F3-A15E-04831D0D9AD4}.Release|ARM.ActiveCfg = Release|x64
		{E303AC66-AE1B-40F3-A15E-04831D0D9AD4}.Release|ARM.Build.0 = Release|x64
		{E303AC66-AE1B-40F3-A15E-04831D0D9AD4}.Release|ARM64.ActiveCfg = Release|ARM64
		{E303AC66-AE1B-40F3-A15E-04831D0D9AD4}.Release|ARM64.Build.0 = Release|ARM64
		{E303AC66-AE1B-40F3-A15E-04831D0D9AD4}.Release|x64.ActiveCfg = Release|x64
		{E303AC66-AE1B-40F3-A15E-04831D0D9AD4}.Release|x64.Build.0 = Release|x64
		{E303AC66-AE1B-40F3-A15E-04831D0D9AD4}.Release|x86.ActiveCfg = Release|x86
		{E303AC66-AE1B-40F3-A15E-04831D0D9AD4}.Release|x86.Build.0 = Release|x86
		{E303AC66-AE1B-40F3-A15E-04831D0D9AD4}.Unpacked|Any CPU.ActiveCfg = Unpacked|x64
		{E303AC66-AE1B-40F3-A15E-04831D0D9AD4}.Unpacked|Any CPU.Build.0 = Unpacked|x64
		{E303AC66-AE1B-40F3-A15E-04831D0D9AD4}.Unpacked|ARM.ActiveCfg = Unpacked|x64
		{E303AC66-AE1B-40F3-A15E-04831D0D9AD4}.Unpacked|ARM.Build.0 = Unpacked|x64
		{E303AC66-AE1B-40F3-A15E-04831D0D9AD4}.Unpacked|ARM64.ActiveCfg = Unpacked|ARM64
		{E303AC66-AE1B-40F3-A15E-04831D0D9AD4}.Unpacked|ARM64.Build.0 = Unpacked|ARM64
		{E303AC66-AE1B-40F3-A15E-04831D0D9AD4}.Unpacked|x64.ActiveCfg = Unpacked|x64
		{E303AC66-AE1B-40F3-A15E-04831D0D9AD4}.Unpacked|x64.Build.0 = Unpacked|x64
		{E303AC66-AE1B-40F3-A15E-04831D0D9AD4}.Unpacked|x86.ActiveCfg = Unpacked|x86
		{E303AC66-AE1B-40F3-A15E-04831D0D9AD4}.Unpacked|x86.Build.0 = Unpacked|x86
		{EBC6B31B-1D7C-4B45-A893-2C6E7A4FBFD0}.Debug|Any CPU.ActiveCfg = Debug|x64
		{EBC6B31B-1D7C-4B45-A893-2C6E7A4FBFD0}.Debug|Any CPU.Build.0 = Debug|x64
		{EBC6B31B-1D7C-4B45-A893-2C6E7A4FBFD0}.Debug|ARM.ActiveCfg = Debug|x64
		{EBC6B31B-1D7C-4B45-A893-2C6E7A4FBFD0}.Debug|ARM.Build.0 = Debug|x64
		{EBC6B31B-1D7C-4B45-A893-2C6E7A4FBFD0}.Debug|ARM64.ActiveCfg = Debug|ARM64
		{EBC6B31B-1D7C-4B45-A893-2C6E7A4FBFD0}.Debug|ARM64.Build.0 = Debug|ARM64
		{EBC6B31B-1D7C-4B45-A893-2C6E7A4FBFD0}.Debug|x64.ActiveCfg = Debug|x64
		{EBC6B31B-1D7C-4B45-A893-2C6E7A4FBFD0}.Debug|x64.Build.0 = Debug|x64
		{EBC6B31B-1D7C-4B45-A893-2C6E7A4FBFD0}.Debug|x86.ActiveCfg = Debug|x86
		{EBC6B31B-1D7C-4B45-A893-2C6E7A4FBFD0}.Debug|x86.Build.0 = Debug|x86
		{EBC6B31B-1D7C-4B45-A893-2C6E7A4FBFD0}.Release|Any CPU.ActiveCfg = Release|x64
		{EBC6B31B-1D7C-4B45-A893-2C6E7A4FBFD0}.Release|Any CPU.Build.0 = Release|x64
		{EBC6B31B-1D7C-4B45-A893-2C6E7A4FBFD0}.Release|ARM.ActiveCfg = Release|x64
		{EBC6B31B-1D7C-4B45-A893-2C6E7A4FBFD0}.Release|ARM.Build.0 = Release|x64
		{EBC6B31B-1D7C-4B45-A893-2C6E7A4FBFD0}.Release|ARM64.ActiveCfg = Release|ARM64
		{EBC6B31B-1D7C-4B45-A893-2C6E7A4FBFD0}.Release|ARM64.Build.0 = Release|ARM64
		{EBC6B31B-1D7C-4B45-A893-2C6E7A4FBFD0}.Release|x64.ActiveCfg = Release|x64
		{EBC6B31B-1D7C-4B45-A893-2C6E7A4FBFD0}.Release|x64.Build.0 = Release|x64
		{EBC6B31B-1D7C-4B45-A893-2C6E7A4FBFD0}.Release|x86.ActiveCfg = Release|x86
		{EBC6B31B-1D7C-4B45-A893-2C6E7A4FBFD0}.Release|x86.Build.0 = Release|x86
		{EBC6B31B-1D7C-4B45-A893-2C6E7A4FBFD0}.Unpacked|Any CPU.ActiveCfg = Unpacked|x64
		{EBC6B31B-1D7C-4B45-A893-2C6E7A4FBFD0}.Unpacked|Any CPU.Build.0 = Unpacked|x64
		{EBC6B31B-1D7C-4B45-A893-2C6E7A4FBFD0}.Unpacked|ARM.ActiveCfg = Unpacked|x64
		{EBC6B31B-1D7C-4B45-A893-2C6E7A4FBFD0}.Unpacked|ARM.Build.0 = Unpacked|x64
		{EBC6B31B-1D7C-4B45-A893-2C6E7A4FBFD0}.Unpacked|ARM64.ActiveCfg = Unpacked|ARM64
		{EBC6B31B-1D7C-4B45-A893-2C6E7A4FBFD0}.Unpacked|ARM64.Build.0 = Unpacked|ARM64
		{EBC6B31B-1D7C-4B45-A893-2C6E7A4FBFD0}.Unpacked|x64.ActiveCfg = Unpacked|x64
		{EBC6B31B-1D7C-4B45-A893-2C6E7A4FBFD0}.Unpacked|x64.Build.0 = Unpacked|x64
		{EBC6B31B-1D7C-4B45-A893-2C6E7A4FBFD0}.Unpacked|x86.ActiveCfg = Unpacked|x86
		{EBC6B31B-1D7C-4B45-A893-2C6E7A4FBFD0}.Unpacked|x86.Build.0 = Unpacked|x86
		{66D4F221-B4ED-46E9-A2DA-ABF8EFE99490}.Debug|Any CPU.ActiveCfg = Debug|x64
		{66D4F221-B4ED-46E9-A2DA-ABF8EFE99490}.Debug|Any CPU.Build.0 = Debug|x64
		{66D4F221-B4ED-46E9-A2DA-ABF8EFE99490}.Debug|ARM.ActiveCfg = Debug|x64
		{66D4F221-B4ED-46E9-A2DA-ABF8EFE99490}.Debug|ARM.Build.0 = Debug|x64
		{66D4F221-B4ED-46E9-A2DA-ABF8EFE99490}.Debug|ARM64.ActiveCfg = Debug|ARM64
		{66D4F221-B4ED-46E9-A2DA-ABF8EFE99490}.Debug|ARM64.Build.0 = Debug|ARM64
		{66D4F221-B4ED-46E9-A2DA-ABF8EFE99490}.Debug|x64.ActiveCfg = Debug|x64
		{66D4F221-B4ED-46E9-A2DA-ABF8EFE99490}.Debug|x64.Build.0 = Debug|x64
		{66D4F221-B4ED-46E9-A2DA-ABF8EFE99490}.Debug|x86.ActiveCfg = Debug|x86
		{66D4F221-B4ED-46E9-A2DA-ABF8EFE99490}.Debug|x86.Build.0 = Debug|x86
		{66D4F221-B4ED-46E9-A2DA-ABF8EFE99490}.Release|Any CPU.ActiveCfg = Release|x64
		{66D4F221-B4ED-46E9-A2DA-ABF8EFE99490}.Release|Any CPU.Build.0 = Release|x64
		{66D4F221-B4ED-46E9-A2DA-ABF8EFE99490}.Release|ARM.ActiveCfg = Release|x64
		{66D4F221-B4ED-46E9-A2DA-ABF8EFE99490}.Release|ARM.Build.0 = Release|x64
		{66D4F221-B4ED-46E9-A2DA-ABF8EFE99490}.Release|ARM64.ActiveCfg = Release|ARM64
		{66D4F221-B4ED-46E9-A2DA-ABF8EFE99490}.Release|ARM64.Build.0 = Release|ARM64
		{66D4F221-B4ED-46E9-A2DA-ABF8EFE99490}.Release|x64.ActiveCfg = Release|x64
		{66D4F221-B4ED-46E9-A2DA-ABF8EFE99490}.Release|x64.Build.0 = Release|x64
		{66D4F221-B4ED-46E9-A2DA-ABF8EFE99490}.Release|x86.ActiveCfg = Release|x86
		{66D4F221-B4ED-46E9-A2DA-ABF8EFE99490}.Release|x86.Build.0 = Release|x86
		{66D4F221-B4ED-46E9-A2DA-ABF8EFE99490}.Unpacked|Any CPU.ActiveCfg = Unpacked|x64
		{66D4F221-B4ED-46E9-A2DA-ABF8EFE99490}.Unpacked|Any CPU.Build.0 = Unpacked|x64
		{66D4F221-B4ED-46E9-A2DA-ABF8EFE99490}.Unpacked|ARM.ActiveCfg = Unpacked|x64
		{66D4F221-B4ED-46E9-A2DA-ABF8EFE99490}.Unpacked|ARM.Build.0 = Unpacked|x64
		{66D4F221-B4ED-46E9-A2DA-ABF8EFE99490}.Unpacked|ARM64.ActiveCfg = Unpacked|ARM64
		{66D4F221-B4ED-46E9-A2DA-ABF8EFE99490}.Unpacked|ARM64.Build.0 = Unpacked|ARM64
		{66D4F221-B4ED-46E9-A2DA-ABF8EFE99490}.Unpacked|x64.ActiveCfg = Unpacked|x64
		{66D4F221-B4ED-46E9-A2DA-ABF8EFE99490}.Unpacked|x64.Build.0 = Unpacked|x64
		{66D4F221-B4ED-46E9-A2DA-ABF8EFE99490}.Unpacked|x86.ActiveCfg = Unpacked|x86
		{66D4F221-B4ED-46E9-A2DA-ABF8EFE99490}.Unpacked|x86.Build.0 = Unpacked|x86
		{C56E0370-C83F-4E89-9A24-AC50E10360C5}.Debug|Any CPU.ActiveCfg = Debug|Any CPU
		{C56E0370-C83F-4E89-9A24-AC50E10360C5}.Debug|Any CPU.Build.0 = Debug|Any CPU
		{C56E0370-C83F-4E89-9A24-AC50E10360C5}.Debug|ARM.ActiveCfg = Debug|Any CPU
		{C56E0370-C83F-4E89-9A24-AC50E10360C5}.Debug|ARM.Build.0 = Debug|Any CPU
		{C56E0370-C83F-4E89-9A24-AC50E10360C5}.Debug|ARM64.ActiveCfg = Debug|Any CPU
		{C56E0370-C83F-4E89-9A24-AC50E10360C5}.Debug|ARM64.Build.0 = Debug|Any CPU
		{C56E0370-C83F-4E89-9A24-AC50E10360C5}.Debug|x64.ActiveCfg = Debug|Any CPU
		{C56E0370-C83F-4E89-9A24-AC50E10360C5}.Debug|x64.Build.0 = Debug|Any CPU
		{C56E0370-C83F-4E89-9A24-AC50E10360C5}.Debug|x86.ActiveCfg = Debug|Any CPU
		{C56E0370-C83F-4E89-9A24-AC50E10360C5}.Debug|x86.Build.0 = Debug|Any CPU
		{C56E0370-C83F-4E89-9A24-AC50E10360C5}.Release|Any CPU.ActiveCfg = Release|Any CPU
		{C56E0370-C83F-4E89-9A24-AC50E10360C5}.Release|Any CPU.Build.0 = Release|Any CPU
		{C56E0370-C83F-4E89-9A24-AC50E10360C5}.Release|ARM.ActiveCfg = Release|Any CPU
		{C56E0370-C83F-4E89-9A24-AC50E10360C5}.Release|ARM.Build.0 = Release|Any CPU
		{C56E0370-C83F-4E89-9A24-AC50E10360C5}.Release|ARM64.ActiveCfg = Release|Any CPU
		{C56E0370-C83F-4E89-9A24-AC50E10360C5}.Release|ARM64.Build.0 = Release|Any CPU
		{C56E0370-C83F-4E89-9A24-AC50E10360C5}.Release|x64.ActiveCfg = Release|Any CPU
		{C56E0370-C83F-4E89-9A24-AC50E10360C5}.Release|x64.Build.0 = Release|Any CPU
		{C56E0370-C83F-4E89-9A24-AC50E10360C5}.Release|x86.ActiveCfg = Release|Any CPU
		{C56E0370-C83F-4E89-9A24-AC50E10360C5}.Release|x86.Build.0 = Release|Any CPU
		{C56E0370-C83F-4E89-9A24-AC50E10360C5}.Unpacked|Any CPU.ActiveCfg = Unpacked|Any CPU
		{C56E0370-C83F-4E89-9A24-AC50E10360C5}.Unpacked|Any CPU.Build.0 = Unpacked|Any CPU
		{C56E0370-C83F-4E89-9A24-AC50E10360C5}.Unpacked|ARM.ActiveCfg = Unpacked|Any CPU
		{C56E0370-C83F-4E89-9A24-AC50E10360C5}.Unpacked|ARM.Build.0 = Unpacked|Any CPU
		{C56E0370-C83F-4E89-9A24-AC50E10360C5}.Unpacked|ARM64.ActiveCfg = Unpacked|Any CPU
		{C56E0370-C83F-4E89-9A24-AC50E10360C5}.Unpacked|ARM64.Build.0 = Unpacked|Any CPU
		{C56E0370-C83F-4E89-9A24-AC50E10360C5}.Unpacked|x64.ActiveCfg = Unpacked|Any CPU
		{C56E0370-C83F-4E89-9A24-AC50E10360C5}.Unpacked|x64.Build.0 = Unpacked|Any CPU
		{C56E0370-C83F-4E89-9A24-AC50E10360C5}.Unpacked|x86.ActiveCfg = Unpacked|Any CPU
		{C56E0370-C83F-4E89-9A24-AC50E10360C5}.Unpacked|x86.Build.0 = Unpacked|Any CPU
		{CC7E35BF-30FE-4BCE-B773-74DD4D6F6761}.Debug|Any CPU.ActiveCfg = Debug|Any CPU
		{CC7E35BF-30FE-4BCE-B773-74DD4D6F6761}.Debug|Any CPU.Build.0 = Debug|Any CPU
		{CC7E35BF-30FE-4BCE-B773-74DD4D6F6761}.Debug|ARM.ActiveCfg = Debug|Any CPU
		{CC7E35BF-30FE-4BCE-B773-74DD4D6F6761}.Debug|ARM.Build.0 = Debug|Any CPU
		{CC7E35BF-30FE-4BCE-B773-74DD4D6F6761}.Debug|ARM64.ActiveCfg = Debug|Any CPU
		{CC7E35BF-30FE-4BCE-B773-74DD4D6F6761}.Debug|ARM64.Build.0 = Debug|Any CPU
		{CC7E35BF-30FE-4BCE-B773-74DD4D6F6761}.Debug|x64.ActiveCfg = Debug|Any CPU
		{CC7E35BF-30FE-4BCE-B773-74DD4D6F6761}.Debug|x64.Build.0 = Debug|Any CPU
		{CC7E35BF-30FE-4BCE-B773-74DD4D6F6761}.Debug|x86.ActiveCfg = Debug|Any CPU
		{CC7E35BF-30FE-4BCE-B773-74DD4D6F6761}.Debug|x86.Build.0 = Debug|Any CPU
		{CC7E35BF-30FE-4BCE-B773-74DD4D6F6761}.Release|Any CPU.ActiveCfg = Release|Any CPU
		{CC7E35BF-30FE-4BCE-B773-74DD4D6F6761}.Release|Any CPU.Build.0 = Release|Any CPU
		{CC7E35BF-30FE-4BCE-B773-74DD4D6F6761}.Release|ARM.ActiveCfg = Release|Any CPU
		{CC7E35BF-30FE-4BCE-B773-74DD4D6F6761}.Release|ARM.Build.0 = Release|Any CPU
		{CC7E35BF-30FE-4BCE-B773-74DD4D6F6761}.Release|ARM64.ActiveCfg = Release|Any CPU
		{CC7E35BF-30FE-4BCE-B773-74DD4D6F6761}.Release|ARM64.Build.0 = Release|Any CPU
		{CC7E35BF-30FE-4BCE-B773-74DD4D6F6761}.Release|x64.ActiveCfg = Release|Any CPU
		{CC7E35BF-30FE-4BCE-B773-74DD4D6F6761}.Release|x64.Build.0 = Release|Any CPU
		{CC7E35BF-30FE-4BCE-B773-74DD4D6F6761}.Release|x86.ActiveCfg = Release|Any CPU
		{CC7E35BF-30FE-4BCE-B773-74DD4D6F6761}.Release|x86.Build.0 = Release|Any CPU
		{CC7E35BF-30FE-4BCE-B773-74DD4D6F6761}.Unpacked|Any CPU.ActiveCfg = Unpacked|Any CPU
		{CC7E35BF-30FE-4BCE-B773-74DD4D6F6761}.Unpacked|Any CPU.Build.0 = Unpacked|Any CPU
		{CC7E35BF-30FE-4BCE-B773-74DD4D6F6761}.Unpacked|ARM.ActiveCfg = Unpacked|Any CPU
		{CC7E35BF-30FE-4BCE-B773-74DD4D6F6761}.Unpacked|ARM.Build.0 = Unpacked|Any CPU
		{CC7E35BF-30FE-4BCE-B773-74DD4D6F6761}.Unpacked|ARM64.ActiveCfg = Unpacked|Any CPU
		{CC7E35BF-30FE-4BCE-B773-74DD4D6F6761}.Unpacked|ARM64.Build.0 = Unpacked|Any CPU
		{CC7E35BF-30FE-4BCE-B773-74DD4D6F6761}.Unpacked|x64.ActiveCfg = Unpacked|Any CPU
		{CC7E35BF-30FE-4BCE-B773-74DD4D6F6761}.Unpacked|x64.Build.0 = Unpacked|Any CPU
		{CC7E35BF-30FE-4BCE-B773-74DD4D6F6761}.Unpacked|x86.ActiveCfg = Unpacked|Any CPU
		{CC7E35BF-30FE-4BCE-B773-74DD4D6F6761}.Unpacked|x86.Build.0 = Unpacked|Any CPU
		{8564D717-9497-C00D-B305-087F25F30FF2}.Debug|Any CPU.ActiveCfg = Debug|Any CPU
		{8564D717-9497-C00D-B305-087F25F30FF2}.Debug|Any CPU.Build.0 = Debug|Any CPU
		{8564D717-9497-C00D-B305-087F25F30FF2}.Debug|ARM.ActiveCfg = Debug|Any CPU
		{8564D717-9497-C00D-B305-087F25F30FF2}.Debug|ARM.Build.0 = Debug|Any CPU
		{8564D717-9497-C00D-B305-087F25F30FF2}.Debug|ARM64.ActiveCfg = Debug|Any CPU
		{8564D717-9497-C00D-B305-087F25F30FF2}.Debug|ARM64.Build.0 = Debug|Any CPU
		{8564D717-9497-C00D-B305-087F25F30FF2}.Debug|x64.ActiveCfg = Debug|Any CPU
		{8564D717-9497-C00D-B305-087F25F30FF2}.Debug|x64.Build.0 = Debug|Any CPU
		{8564D717-9497-C00D-B305-087F25F30FF2}.Debug|x86.ActiveCfg = Debug|Any CPU
		{8564D717-9497-C00D-B305-087F25F30FF2}.Debug|x86.Build.0 = Debug|Any CPU
		{8564D717-9497-C00D-B305-087F25F30FF2}.Release|Any CPU.ActiveCfg = Release|Any CPU
		{8564D717-9497-C00D-B305-087F25F30FF2}.Release|Any CPU.Build.0 = Release|Any CPU
		{8564D717-9497-C00D-B305-087F25F30FF2}.Release|ARM.ActiveCfg = Release|Any CPU
		{8564D717-9497-C00D-B305-087F25F30FF2}.Release|ARM.Build.0 = Release|Any CPU
		{8564D717-9497-C00D-B305-087F25F30FF2}.Release|ARM64.ActiveCfg = Release|Any CPU
		{8564D717-9497-C00D-B305-087F25F30FF2}.Release|ARM64.Build.0 = Release|Any CPU
		{8564D717-9497-C00D-B305-087F25F30FF2}.Release|x64.ActiveCfg = Release|Any CPU
		{8564D717-9497-C00D-B305-087F25F30FF2}.Release|x64.Build.0 = Release|Any CPU
		{8564D717-9497-C00D-B305-087F25F30FF2}.Release|x86.ActiveCfg = Release|Any CPU
		{8564D717-9497-C00D-B305-087F25F30FF2}.Release|x86.Build.0 = Release|Any CPU
		{8564D717-9497-C00D-B305-087F25F30FF2}.Unpacked|Any CPU.ActiveCfg = Unpacked|Any CPU
		{8564D717-9497-C00D-B305-087F25F30FF2}.Unpacked|Any CPU.Build.0 = Unpacked|Any CPU
		{8564D717-9497-C00D-B305-087F25F30FF2}.Unpacked|ARM.ActiveCfg = Unpacked|Any CPU
		{8564D717-9497-C00D-B305-087F25F30FF2}.Unpacked|ARM.Build.0 = Unpacked|Any CPU
		{8564D717-9497-C00D-B305-087F25F30FF2}.Unpacked|ARM64.ActiveCfg = Unpacked|Any CPU
		{8564D717-9497-C00D-B305-087F25F30FF2}.Unpacked|ARM64.Build.0 = Unpacked|Any CPU
		{8564D717-9497-C00D-B305-087F25F30FF2}.Unpacked|x64.ActiveCfg = Unpacked|Any CPU
		{8564D717-9497-C00D-B305-087F25F30FF2}.Unpacked|x64.Build.0 = Unpacked|Any CPU
		{8564D717-9497-C00D-B305-087F25F30FF2}.Unpacked|x86.ActiveCfg = Unpacked|Any CPU
		{8564D717-9497-C00D-B305-087F25F30FF2}.Unpacked|x86.Build.0 = Unpacked|Any CPU
		{96668D2D-936C-29F9-A0C1-3E30AFD7C953}.Debug|Any CPU.ActiveCfg = Debug|x64
		{96668D2D-936C-29F9-A0C1-3E30AFD7C953}.Debug|Any CPU.Build.0 = Debug|x64
		{96668D2D-936C-29F9-A0C1-3E30AFD7C953}.Debug|ARM.ActiveCfg = Debug|x64
		{96668D2D-936C-29F9-A0C1-3E30AFD7C953}.Debug|ARM.Build.0 = Debug|x64
		{96668D2D-936C-29F9-A0C1-3E30AFD7C953}.Debug|ARM64.ActiveCfg = Debug|x64
		{96668D2D-936C-29F9-A0C1-3E30AFD7C953}.Debug|ARM64.Build.0 = Debug|x64
		{96668D2D-936C-29F9-A0C1-3E30AFD7C953}.Debug|x64.ActiveCfg = Debug|x64
		{96668D2D-936C-29F9-A0C1-3E30AFD7C953}.Debug|x64.Build.0 = Debug|x64
		{96668D2D-936C-29F9-A0C1-3E30AFD7C953}.Debug|x86.ActiveCfg = Debug|x64
		{96668D2D-936C-29F9-A0C1-3E30AFD7C953}.Debug|x86.Build.0 = Debug|x64
		{96668D2D-936C-29F9-A0C1-3E30AFD7C953}.Release|Any CPU.ActiveCfg = Release|x64
		{96668D2D-936C-29F9-A0C1-3E30AFD7C953}.Release|Any CPU.Build.0 = Release|x64
		{96668D2D-936C-29F9-A0C1-3E30AFD7C953}.Release|ARM.ActiveCfg = Release|x64
		{96668D2D-936C-29F9-A0C1-3E30AFD7C953}.Release|ARM.Build.0 = Release|x64
		{96668D2D-936C-29F9-A0C1-3E30AFD7C953}.Release|ARM64.ActiveCfg = Release|x64
		{96668D2D-936C-29F9-A0C1-3E30AFD7C953}.Release|ARM64.Build.0 = Release|x64
		{96668D2D-936C-29F9-A0C1-3E30AFD7C953}.Release|x64.ActiveCfg = Release|x64
		{96668D2D-936C-29F9-A0C1-3E30AFD7C953}.Release|x64.Build.0 = Release|x64
		{96668D2D-936C-29F9-A0C1-3E30AFD7C953}.Release|x86.ActiveCfg = Release|x64
		{96668D2D-936C-29F9-A0C1-3E30AFD7C953}.Release|x86.Build.0 = Release|x64
		{96668D2D-936C-29F9-A0C1-3E30AFD7C953}.Unpacked|Any CPU.ActiveCfg = Unpacked|x64
		{96668D2D-936C-29F9-A0C1-3E30AFD7C953}.Unpacked|Any CPU.Build.0 = Unpacked|x64
		{96668D2D-936C-29F9-A0C1-3E30AFD7C953}.Unpacked|ARM.ActiveCfg = Unpacked|x64
		{96668D2D-936C-29F9-A0C1-3E30AFD7C953}.Unpacked|ARM.Build.0 = Unpacked|x64
		{96668D2D-936C-29F9-A0C1-3E30AFD7C953}.Unpacked|ARM64.ActiveCfg = Unpacked|x64
		{96668D2D-936C-29F9-A0C1-3E30AFD7C953}.Unpacked|ARM64.Build.0 = Unpacked|x64
		{96668D2D-936C-29F9-A0C1-3E30AFD7C953}.Unpacked|x64.ActiveCfg = Unpacked|x64
		{96668D2D-936C-29F9-A0C1-3E30AFD7C953}.Unpacked|x64.Build.0 = Unpacked|x64
		{96668D2D-936C-29F9-A0C1-3E30AFD7C953}.Unpacked|x86.ActiveCfg = Unpacked|x64
		{96668D2D-936C-29F9-A0C1-3E30AFD7C953}.Unpacked|x86.Build.0 = Unpacked|x64
		{D931380E-FBA1-4F27-8C1B-84AB64FD162A}.Debug|Any CPU.ActiveCfg = Debug|x64
		{D931380E-FBA1-4F27-8C1B-84AB64FD162A}.Debug|Any CPU.Build.0 = Debug|x64
		{D931380E-FBA1-4F27-8C1B-84AB64FD162A}.Debug|Any CPU.Deploy.0 = Debug|x64
		{D931380E-FBA1-4F27-8C1B-84AB64FD162A}.Debug|ARM.ActiveCfg = Debug|x64
		{D931380E-FBA1-4F27-8C1B-84AB64FD162A}.Debug|ARM.Build.0 = Debug|x64
		{D931380E-FBA1-4F27-8C1B-84AB64FD162A}.Debug|ARM.Deploy.0 = Debug|x64
		{D931380E-FBA1-4F27-8C1B-84AB64FD162A}.Debug|ARM64.ActiveCfg = Debug|ARM64
		{D931380E-FBA1-4F27-8C1B-84AB64FD162A}.Debug|ARM64.Build.0 = Debug|ARM64
		{D931380E-FBA1-4F27-8C1B-84AB64FD162A}.Debug|ARM64.Deploy.0 = Debug|ARM64
		{D931380E-FBA1-4F27-8C1B-84AB64FD162A}.Debug|x64.ActiveCfg = Debug|x64
		{D931380E-FBA1-4F27-8C1B-84AB64FD162A}.Debug|x64.Build.0 = Debug|x64
		{D931380E-FBA1-4F27-8C1B-84AB64FD162A}.Debug|x64.Deploy.0 = Debug|x64
		{D931380E-FBA1-4F27-8C1B-84AB64FD162A}.Debug|x86.ActiveCfg = Debug|x86
		{D931380E-FBA1-4F27-8C1B-84AB64FD162A}.Debug|x86.Build.0 = Debug|x86
		{D931380E-FBA1-4F27-8C1B-84AB64FD162A}.Debug|x86.Deploy.0 = Debug|x86
		{D931380E-FBA1-4F27-8C1B-84AB64FD162A}.Release|Any CPU.ActiveCfg = Release|x64
		{D931380E-FBA1-4F27-8C1B-84AB64FD162A}.Release|Any CPU.Build.0 = Release|x64
		{D931380E-FBA1-4F27-8C1B-84AB64FD162A}.Release|Any CPU.Deploy.0 = Release|x64
		{D931380E-FBA1-4F27-8C1B-84AB64FD162A}.Release|ARM.ActiveCfg = Release|x64
		{D931380E-FBA1-4F27-8C1B-84AB64FD162A}.Release|ARM.Build.0 = Release|x64
		{D931380E-FBA1-4F27-8C1B-84AB64FD162A}.Release|ARM.Deploy.0 = Release|x64
		{D931380E-FBA1-4F27-8C1B-84AB64FD162A}.Release|ARM64.ActiveCfg = Release|ARM64
		{D931380E-FBA1-4F27-8C1B-84AB64FD162A}.Release|ARM64.Build.0 = Release|ARM64
		{D931380E-FBA1-4F27-8C1B-84AB64FD162A}.Release|ARM64.Deploy.0 = Release|ARM64
		{D931380E-FBA1-4F27-8C1B-84AB64FD162A}.Release|x64.ActiveCfg = Release|x64
		{D931380E-FBA1-4F27-8C1B-84AB64FD162A}.Release|x64.Build.0 = Release|x64
		{D931380E-FBA1-4F27-8C1B-84AB64FD162A}.Release|x64.Deploy.0 = Release|x64
		{D931380E-FBA1-4F27-8C1B-84AB64FD162A}.Release|x86.ActiveCfg = Release|x86
		{D931380E-FBA1-4F27-8C1B-84AB64FD162A}.Release|x86.Build.0 = Release|x86
		{D931380E-FBA1-4F27-8C1B-84AB64FD162A}.Release|x86.Deploy.0 = Release|x86
		{D931380E-FBA1-4F27-8C1B-84AB64FD162A}.Unpacked|Any CPU.ActiveCfg = Release|x64
		{D931380E-FBA1-4F27-8C1B-84AB64FD162A}.Unpacked|Any CPU.Build.0 = Release|x64
		{D931380E-FBA1-4F27-8C1B-84AB64FD162A}.Unpacked|Any CPU.Deploy.0 = Release|x64
		{D931380E-FBA1-4F27-8C1B-84AB64FD162A}.Unpacked|ARM.ActiveCfg = Release|x64
		{D931380E-FBA1-4F27-8C1B-84AB64FD162A}.Unpacked|ARM.Build.0 = Release|x64
		{D931380E-FBA1-4F27-8C1B-84AB64FD162A}.Unpacked|ARM.Deploy.0 = Release|x64
		{D931380E-FBA1-4F27-8C1B-84AB64FD162A}.Unpacked|ARM64.ActiveCfg = Release|ARM64
		{D931380E-FBA1-4F27-8C1B-84AB64FD162A}.Unpacked|ARM64.Build.0 = Release|ARM64
		{D931380E-FBA1-4F27-8C1B-84AB64FD162A}.Unpacked|ARM64.Deploy.0 = Release|ARM64
		{D931380E-FBA1-4F27-8C1B-84AB64FD162A}.Unpacked|x64.ActiveCfg = Release|x64
		{D931380E-FBA1-4F27-8C1B-84AB64FD162A}.Unpacked|x64.Build.0 = Release|x64
		{D931380E-FBA1-4F27-8C1B-84AB64FD162A}.Unpacked|x64.Deploy.0 = Release|x64
		{D931380E-FBA1-4F27-8C1B-84AB64FD162A}.Unpacked|x86.ActiveCfg = Release|x86
		{D931380E-FBA1-4F27-8C1B-84AB64FD162A}.Unpacked|x86.Build.0 = Release|x86
		{D931380E-FBA1-4F27-8C1B-84AB64FD162A}.Unpacked|x86.Deploy.0 = Release|x86
		{C6CBF96D-7987-DEDF-4337-9D361B854006}.Debug|Any CPU.ActiveCfg = Debug|Any CPU
		{C6CBF96D-7987-DEDF-4337-9D361B854006}.Debug|Any CPU.Build.0 = Debug|Any CPU
		{C6CBF96D-7987-DEDF-4337-9D361B854006}.Debug|ARM.ActiveCfg = Debug|Any CPU
		{C6CBF96D-7987-DEDF-4337-9D361B854006}.Debug|ARM.Build.0 = Debug|Any CPU
		{C6CBF96D-7987-DEDF-4337-9D361B854006}.Debug|ARM64.ActiveCfg = Debug|Any CPU
		{C6CBF96D-7987-DEDF-4337-9D361B854006}.Debug|ARM64.Build.0 = Debug|Any CPU
		{C6CBF96D-7987-DEDF-4337-9D361B854006}.Debug|x64.ActiveCfg = Debug|Any CPU
		{C6CBF96D-7987-DEDF-4337-9D361B854006}.Debug|x64.Build.0 = Debug|Any CPU
		{C6CBF96D-7987-DEDF-4337-9D361B854006}.Debug|x86.ActiveCfg = Debug|Any CPU
		{C6CBF96D-7987-DEDF-4337-9D361B854006}.Debug|x86.Build.0 = Debug|Any CPU
		{C6CBF96D-7987-DEDF-4337-9D361B854006}.Release|Any CPU.ActiveCfg = Release|Any CPU
		{C6CBF96D-7987-DEDF-4337-9D361B854006}.Release|Any CPU.Build.0 = Release|Any CPU
		{C6CBF96D-7987-DEDF-4337-9D361B854006}.Release|ARM.ActiveCfg = Release|Any CPU
		{C6CBF96D-7987-DEDF-4337-9D361B854006}.Release|ARM.Build.0 = Release|Any CPU
		{C6CBF96D-7987-DEDF-4337-9D361B854006}.Release|ARM64.ActiveCfg = Release|Any CPU
		{C6CBF96D-7987-DEDF-4337-9D361B854006}.Release|ARM64.Build.0 = Release|Any CPU
		{C6CBF96D-7987-DEDF-4337-9D361B854006}.Release|x64.ActiveCfg = Release|Any CPU
		{C6CBF96D-7987-DEDF-4337-9D361B854006}.Release|x64.Build.0 = Release|Any CPU
		{C6CBF96D-7987-DEDF-4337-9D361B854006}.Release|x86.ActiveCfg = Release|Any CPU
		{C6CBF96D-7987-DEDF-4337-9D361B854006}.Release|x86.Build.0 = Release|Any CPU
		{C6CBF96D-7987-DEDF-4337-9D361B854006}.Unpacked|Any CPU.ActiveCfg = Release|Any CPU
		{C6CBF96D-7987-DEDF-4337-9D361B854006}.Unpacked|Any CPU.Build.0 = Release|Any CPU
		{C6CBF96D-7987-DEDF-4337-9D361B854006}.Unpacked|ARM.ActiveCfg = Release|Any CPU
		{C6CBF96D-7987-DEDF-4337-9D361B854006}.Unpacked|ARM.Build.0 = Release|Any CPU
		{C6CBF96D-7987-DEDF-4337-9D361B854006}.Unpacked|ARM64.ActiveCfg = Release|Any CPU
		{C6CBF96D-7987-DEDF-4337-9D361B854006}.Unpacked|ARM64.Build.0 = Release|Any CPU
		{C6CBF96D-7987-DEDF-4337-9D361B854006}.Unpacked|x64.ActiveCfg = Release|Any CPU
		{C6CBF96D-7987-DEDF-4337-9D361B854006}.Unpacked|x64.Build.0 = Release|Any CPU
		{C6CBF96D-7987-DEDF-4337-9D361B854006}.Unpacked|x86.ActiveCfg = Release|Any CPU
		{C6CBF96D-7987-DEDF-4337-9D361B854006}.Unpacked|x86.Build.0 = Release|Any CPU
		{9E7C8A6D-F3DA-40F3-A110-B6579072F053}.Debug|Any CPU.ActiveCfg = Debug|x64
		{9E7C8A6D-F3DA-40F3-A110-B6579072F053}.Debug|Any CPU.Build.0 = Debug|x64
		{9E7C8A6D-F3DA-40F3-A110-B6579072F053}.Debug|ARM.ActiveCfg = Debug|ARM
		{9E7C8A6D-F3DA-40F3-A110-B6579072F053}.Debug|ARM.Build.0 = Debug|ARM
		{9E7C8A6D-F3DA-40F3-A110-B6579072F053}.Debug|ARM64.ActiveCfg = Debug|ARM64
		{9E7C8A6D-F3DA-40F3-A110-B6579072F053}.Debug|ARM64.Build.0 = Debug|ARM64
		{9E7C8A6D-F3DA-40F3-A110-B6579072F053}.Debug|x64.ActiveCfg = Debug|x64
		{9E7C8A6D-F3DA-40F3-A110-B6579072F053}.Debug|x64.Build.0 = Debug|x64
		{9E7C8A6D-F3DA-40F3-A110-B6579072F053}.Debug|x86.ActiveCfg = Debug|Win32
		{9E7C8A6D-F3DA-40F3-A110-B6579072F053}.Debug|x86.Build.0 = Debug|Win32
		{9E7C8A6D-F3DA-40F3-A110-B6579072F053}.Release|Any CPU.ActiveCfg = Release|x64
		{9E7C8A6D-F3DA-40F3-A110-B6579072F053}.Release|Any CPU.Build.0 = Release|x64
		{9E7C8A6D-F3DA-40F3-A110-B6579072F053}.Release|ARM.ActiveCfg = Release|ARM
		{9E7C8A6D-F3DA-40F3-A110-B6579072F053}.Release|ARM.Build.0 = Release|ARM
		{9E7C8A6D-F3DA-40F3-A110-B6579072F053}.Release|ARM64.ActiveCfg = Release|ARM64
		{9E7C8A6D-F3DA-40F3-A110-B6579072F053}.Release|ARM64.Build.0 = Release|ARM64
		{9E7C8A6D-F3DA-40F3-A110-B6579072F053}.Release|x64.ActiveCfg = Release|x64
		{9E7C8A6D-F3DA-40F3-A110-B6579072F053}.Release|x64.Build.0 = Release|x64
		{9E7C8A6D-F3DA-40F3-A110-B6579072F053}.Release|x86.ActiveCfg = Release|Win32
		{9E7C8A6D-F3DA-40F3-A110-B6579072F053}.Release|x86.Build.0 = Release|Win32
		{9E7C8A6D-F3DA-40F3-A110-B6579072F053}.Unpacked|Any CPU.ActiveCfg = Release|x64
		{9E7C8A6D-F3DA-40F3-A110-B6579072F053}.Unpacked|Any CPU.Build.0 = Release|x64
		{9E7C8A6D-F3DA-40F3-A110-B6579072F053}.Unpacked|ARM.ActiveCfg = Release|ARM
		{9E7C8A6D-F3DA-40F3-A110-B6579072F053}.Unpacked|ARM.Build.0 = Release|ARM
		{9E7C8A6D-F3DA-40F3-A110-B6579072F053}.Unpacked|ARM64.ActiveCfg = Release|ARM64
		{9E7C8A6D-F3DA-40F3-A110-B6579072F053}.Unpacked|ARM64.Build.0 = Release|ARM64
		{9E7C8A6D-F3DA-40F3-A110-B6579072F053}.Unpacked|x64.ActiveCfg = Release|x64
		{9E7C8A6D-F3DA-40F3-A110-B6579072F053}.Unpacked|x64.Build.0 = Release|x64
		{9E7C8A6D-F3DA-40F3-A110-B6579072F053}.Unpacked|x86.ActiveCfg = Release|Win32
		{9E7C8A6D-F3DA-40F3-A110-B6579072F053}.Unpacked|x86.Build.0 = Release|Win32
	EndGlobalSection
	GlobalSection(SolutionProperties) = preSolution
		HideSolutionNode = FALSE
	EndGlobalSection
	GlobalSection(ExtensibilityGlobals) = postSolution
		SolutionGuid = {4D492F0F-D505-4E4D-80F6-CC8F4C745AC2}
	EndGlobalSection
EndGlobal
