
Microsoft Visual Studio Solution File, Format Version 12.00
# Visual Studio Version 17
VisualStudioVersion = 17.9.34407.89
MinimumVisualStudioVersion = 10.0.40219.1
Project("{9A19103F-16F7-4668-BE54-9A1E7A4F7556}") = "VK UI3", "VK UI3\VK UI3.csproj", "{89D346B6-EBA1-47B7-9BD9-D783B9375443}"
EndProject
Project("{9A19103F-16F7-4668-BE54-9A1E7A4F7556}") = "Setup", "Setup\Setup.csproj", "{6C80A865-F6C5-4908-B708-E3E76604AE5D}"
	ProjectSection(ProjectDependencies) = postProject
		{238AFC25-373E-4F03-85C4-743B673CCEA3} = {238AFC25-373E-4F03-85C4-743B673CCEA3}
	EndProjectSection
EndProject
Project("{9A19103F-16F7-4668-BE54-9A1E7A4F7556}") = "SetupLib", "SetupLib\SetupLib.csproj", "{238AFC25-373E-4F03-85C4-743B673CCEA3}"
EndProject
Project("{9A19103F-16F7-4668-BE54-9A1E7A4F7556}") = "VkNet.AudioBypassService", "VkNet.AudioBypassService\VkNet.AudioBypassService.csproj", "{F7EC83CF-D816-411D-93B8-94F0360FC93F}"
EndProject
Project("{9A19103F-16F7-4668-BE54-9A1E7A4F7556}") = "VkNet.Extensions.DependencyInjection", "VkNet.Extensions.DependencyInjection\VkNet.Extensions.DependencyInjection.csproj", "{4121DA51-CCE1-43FA-A5EC-CCBB0EAFA98A}"
EndProject
Global
	GlobalSection(SolutionConfigurationPlatforms) = preSolution
		Debug|Any CPU = Debug|Any CPU
		Debug|ARM = Debug|ARM
		Debug|ARM64 = Debug|ARM64
		Debug|x64 = Debug|x64
		Debug|x86 = Debug|x86
		qq|Any CPU = qq|Any CPU
		qq|ARM = qq|ARM
		qq|ARM64 = qq|ARM64
		qq|x64 = qq|x64
		qq|x86 = qq|x86
		Release|Any CPU = Release|Any CPU
		Release|ARM = Release|ARM
		Release|ARM64 = Release|ARM64
		Release|x64 = Release|x64
		Release|x86 = Release|x86
		Зфсл|Any CPU = Зфсл|Any CPU
		Зфсл|ARM = Зфсл|ARM
		Зфсл|ARM64 = Зфсл|ARM64
		Зфсл|x64 = Зфсл|x64
		Зфсл|x86 = Зфсл|x86
		йй|Any CPU = йй|Any CPU
		йй|ARM = йй|ARM
		йй|ARM64 = йй|ARM64
		йй|x64 = йй|x64
		йй|x86 = йй|x86
	EndGlobalSection
	GlobalSection(ProjectConfigurationPlatforms) = postSolution
		{89D346B6-EBA1-47B7-9BD9-D783B9375443}.Debug|Any CPU.ActiveCfg = Debug|x64
		{89D346B6-EBA1-47B7-9BD9-D783B9375443}.Debug|Any CPU.Build.0 = Debug|x64
		{89D346B6-EBA1-47B7-9BD9-D783B9375443}.Debug|Any CPU.Deploy.0 = Debug|x64
		{89D346B6-EBA1-47B7-9BD9-D783B9375443}.Debug|ARM.ActiveCfg = Debug|x64
		{89D346B6-EBA1-47B7-9BD9-D783B9375443}.Debug|ARM.Build.0 = Debug|x64
		{89D346B6-EBA1-47B7-9BD9-D783B9375443}.Debug|ARM.Deploy.0 = Debug|x64
		{89D346B6-EBA1-47B7-9BD9-D783B9375443}.Debug|ARM64.ActiveCfg = Debug|ARM64
		{89D346B6-EBA1-47B7-9BD9-D783B9375443}.Debug|ARM64.Build.0 = Debug|ARM64
		{89D346B6-EBA1-47B7-9BD9-D783B9375443}.Debug|ARM64.Deploy.0 = Debug|ARM64
		{89D346B6-EBA1-47B7-9BD9-D783B9375443}.Debug|x64.ActiveCfg = Debug|x64
		{89D346B6-EBA1-47B7-9BD9-D783B9375443}.Debug|x64.Build.0 = Debug|x64
		{89D346B6-EBA1-47B7-9BD9-D783B9375443}.Debug|x64.Deploy.0 = Debug|x64
		{89D346B6-EBA1-47B7-9BD9-D783B9375443}.Debug|x86.ActiveCfg = Debug|x86
		{89D346B6-EBA1-47B7-9BD9-D783B9375443}.Debug|x86.Build.0 = Debug|x86
		{89D346B6-EBA1-47B7-9BD9-D783B9375443}.Debug|x86.Deploy.0 = Debug|x86
		{89D346B6-EBA1-47B7-9BD9-D783B9375443}.qq|Any CPU.ActiveCfg = qq|x64
		{89D346B6-EBA1-47B7-9BD9-D783B9375443}.qq|Any CPU.Build.0 = qq|x64
		{89D346B6-EBA1-47B7-9BD9-D783B9375443}.qq|Any CPU.Deploy.0 = qq|x64
		{89D346B6-EBA1-47B7-9BD9-D783B9375443}.qq|ARM.ActiveCfg = qq|x64
		{89D346B6-EBA1-47B7-9BD9-D783B9375443}.qq|ARM.Build.0 = qq|x64
		{89D346B6-EBA1-47B7-9BD9-D783B9375443}.qq|ARM.Deploy.0 = qq|x64
		{89D346B6-EBA1-47B7-9BD9-D783B9375443}.qq|ARM64.ActiveCfg = qq|ARM64
		{89D346B6-EBA1-47B7-9BD9-D783B9375443}.qq|ARM64.Build.0 = qq|ARM64
		{89D346B6-EBA1-47B7-9BD9-D783B9375443}.qq|ARM64.Deploy.0 = qq|ARM64
		{89D346B6-EBA1-47B7-9BD9-D783B9375443}.qq|x64.ActiveCfg = qq|x64
		{89D346B6-EBA1-47B7-9BD9-D783B9375443}.qq|x64.Build.0 = qq|x64
		{89D346B6-EBA1-47B7-9BD9-D783B9375443}.qq|x64.Deploy.0 = qq|x64
		{89D346B6-EBA1-47B7-9BD9-D783B9375443}.qq|x86.ActiveCfg = qq|x86
		{89D346B6-EBA1-47B7-9BD9-D783B9375443}.qq|x86.Build.0 = qq|x86
		{89D346B6-EBA1-47B7-9BD9-D783B9375443}.qq|x86.Deploy.0 = qq|x86
		{89D346B6-EBA1-47B7-9BD9-D783B9375443}.Release|Any CPU.ActiveCfg = Release|x64
		{89D346B6-EBA1-47B7-9BD9-D783B9375443}.Release|Any CPU.Build.0 = Release|x64
		{89D346B6-EBA1-47B7-9BD9-D783B9375443}.Release|Any CPU.Deploy.0 = Release|x64
		{89D346B6-EBA1-47B7-9BD9-D783B9375443}.Release|ARM.ActiveCfg = Release|x64
		{89D346B6-EBA1-47B7-9BD9-D783B9375443}.Release|ARM.Build.0 = Release|x64
		{89D346B6-EBA1-47B7-9BD9-D783B9375443}.Release|ARM.Deploy.0 = Release|x64
		{89D346B6-EBA1-47B7-9BD9-D783B9375443}.Release|ARM64.ActiveCfg = Release|ARM64
		{89D346B6-EBA1-47B7-9BD9-D783B9375443}.Release|ARM64.Build.0 = Release|ARM64
		{89D346B6-EBA1-47B7-9BD9-D783B9375443}.Release|ARM64.Deploy.0 = Release|ARM64
		{89D346B6-EBA1-47B7-9BD9-D783B9375443}.Release|x64.ActiveCfg = Release|x64
		{89D346B6-EBA1-47B7-9BD9-D783B9375443}.Release|x64.Build.0 = Release|x64
		{89D346B6-EBA1-47B7-9BD9-D783B9375443}.Release|x64.Deploy.0 = Release|x64
		{89D346B6-EBA1-47B7-9BD9-D783B9375443}.Release|x86.ActiveCfg = Release|x86
		{89D346B6-EBA1-47B7-9BD9-D783B9375443}.Release|x86.Build.0 = Release|x86
		{89D346B6-EBA1-47B7-9BD9-D783B9375443}.Release|x86.Deploy.0 = Release|x86
		{89D346B6-EBA1-47B7-9BD9-D783B9375443}.Зфсл|Any CPU.ActiveCfg = Зфсл|x64
		{89D346B6-EBA1-47B7-9BD9-D783B9375443}.Зфсл|Any CPU.Build.0 = Зфсл|x64
		{89D346B6-EBA1-47B7-9BD9-D783B9375443}.Зфсл|Any CPU.Deploy.0 = Зфсл|x64
		{89D346B6-EBA1-47B7-9BD9-D783B9375443}.Зфсл|ARM.ActiveCfg = Зфсл|x64
		{89D346B6-EBA1-47B7-9BD9-D783B9375443}.Зфсл|ARM.Build.0 = Зфсл|x64
		{89D346B6-EBA1-47B7-9BD9-D783B9375443}.Зфсл|ARM.Deploy.0 = Зфсл|x64
		{89D346B6-EBA1-47B7-9BD9-D783B9375443}.Зфсл|ARM64.ActiveCfg = Зфсл|ARM64
		{89D346B6-EBA1-47B7-9BD9-D783B9375443}.Зфсл|ARM64.Build.0 = Зфсл|ARM64
		{89D346B6-EBA1-47B7-9BD9-D783B9375443}.Зфсл|ARM64.Deploy.0 = Зфсл|ARM64
		{89D346B6-EBA1-47B7-9BD9-D783B9375443}.Зфсл|x64.ActiveCfg = Зфсл|x64
		{89D346B6-EBA1-47B7-9BD9-D783B9375443}.Зфсл|x64.Build.0 = Зфсл|x64
		{89D346B6-EBA1-47B7-9BD9-D783B9375443}.Зфсл|x64.Deploy.0 = Зфсл|x64
		{89D346B6-EBA1-47B7-9BD9-D783B9375443}.Зфсл|x86.ActiveCfg = Зфсл|x86
		{89D346B6-EBA1-47B7-9BD9-D783B9375443}.Зфсл|x86.Build.0 = Зфсл|x86
		{89D346B6-EBA1-47B7-9BD9-D783B9375443}.Зфсл|x86.Deploy.0 = Зфсл|x86
		{89D346B6-EBA1-47B7-9BD9-D783B9375443}.йй|Any CPU.ActiveCfg = Зфсл|x64
		{89D346B6-EBA1-47B7-9BD9-D783B9375443}.йй|Any CPU.Build.0 = Зфсл|x64
		{89D346B6-EBA1-47B7-9BD9-D783B9375443}.йй|ARM.ActiveCfg = Зфсл|x64
		{89D346B6-EBA1-47B7-9BD9-D783B9375443}.йй|ARM.Build.0 = Зфсл|x64
		{89D346B6-EBA1-47B7-9BD9-D783B9375443}.йй|ARM64.ActiveCfg = Зфсл|ARM64
		{89D346B6-EBA1-47B7-9BD9-D783B9375443}.йй|ARM64.Build.0 = Зфсл|ARM64
		{89D346B6-EBA1-47B7-9BD9-D783B9375443}.йй|x64.ActiveCfg = Зфсл|x64
		{89D346B6-EBA1-47B7-9BD9-D783B9375443}.йй|x64.Build.0 = Зфсл|x64
		{89D346B6-EBA1-47B7-9BD9-D783B9375443}.йй|x86.ActiveCfg = Зфсл|x86
		{89D346B6-EBA1-47B7-9BD9-D783B9375443}.йй|x86.Build.0 = Зфсл|x86
		{6C80A865-F6C5-4908-B708-E3E76604AE5D}.Debug|Any CPU.ActiveCfg = Debug|Any CPU
		{6C80A865-F6C5-4908-B708-E3E76604AE5D}.Debug|Any CPU.Build.0 = Debug|Any CPU
		{6C80A865-F6C5-4908-B708-E3E76604AE5D}.Debug|ARM.ActiveCfg = Debug|Any CPU
		{6C80A865-F6C5-4908-B708-E3E76604AE5D}.Debug|ARM.Build.0 = Debug|Any CPU
		{6C80A865-F6C5-4908-B708-E3E76604AE5D}.Debug|ARM64.ActiveCfg = Debug|Any CPU
		{6C80A865-F6C5-4908-B708-E3E76604AE5D}.Debug|ARM64.Build.0 = Debug|Any CPU
		{6C80A865-F6C5-4908-B708-E3E76604AE5D}.Debug|x64.ActiveCfg = Debug|Any CPU
		{6C80A865-F6C5-4908-B708-E3E76604AE5D}.Debug|x64.Build.0 = Debug|Any CPU
		{6C80A865-F6C5-4908-B708-E3E76604AE5D}.Debug|x86.ActiveCfg = Debug|Any CPU
		{6C80A865-F6C5-4908-B708-E3E76604AE5D}.Debug|x86.Build.0 = Debug|Any CPU
		{6C80A865-F6C5-4908-B708-E3E76604AE5D}.qq|Any CPU.ActiveCfg = qq|Any CPU
		{6C80A865-F6C5-4908-B708-E3E76604AE5D}.qq|Any CPU.Build.0 = qq|Any CPU
		{6C80A865-F6C5-4908-B708-E3E76604AE5D}.qq|ARM.ActiveCfg = qq|Any CPU
		{6C80A865-F6C5-4908-B708-E3E76604AE5D}.qq|ARM.Build.0 = qq|Any CPU
		{6C80A865-F6C5-4908-B708-E3E76604AE5D}.qq|ARM64.ActiveCfg = qq|Any CPU
		{6C80A865-F6C5-4908-B708-E3E76604AE5D}.qq|ARM64.Build.0 = qq|Any CPU
		{6C80A865-F6C5-4908-B708-E3E76604AE5D}.qq|x64.ActiveCfg = qq|Any CPU
		{6C80A865-F6C5-4908-B708-E3E76604AE5D}.qq|x64.Build.0 = qq|Any CPU
		{6C80A865-F6C5-4908-B708-E3E76604AE5D}.qq|x86.ActiveCfg = qq|Any CPU
		{6C80A865-F6C5-4908-B708-E3E76604AE5D}.qq|x86.Build.0 = qq|Any CPU
		{6C80A865-F6C5-4908-B708-E3E76604AE5D}.Release|Any CPU.ActiveCfg = Release|Any CPU
		{6C80A865-F6C5-4908-B708-E3E76604AE5D}.Release|Any CPU.Build.0 = Release|Any CPU
		{6C80A865-F6C5-4908-B708-E3E76604AE5D}.Release|ARM.ActiveCfg = Release|Any CPU
		{6C80A865-F6C5-4908-B708-E3E76604AE5D}.Release|ARM.Build.0 = Release|Any CPU
		{6C80A865-F6C5-4908-B708-E3E76604AE5D}.Release|ARM64.ActiveCfg = Release|Any CPU
		{6C80A865-F6C5-4908-B708-E3E76604AE5D}.Release|ARM64.Build.0 = Release|Any CPU
		{6C80A865-F6C5-4908-B708-E3E76604AE5D}.Release|x64.ActiveCfg = Release|Any CPU
		{6C80A865-F6C5-4908-B708-E3E76604AE5D}.Release|x64.Build.0 = Release|Any CPU
		{6C80A865-F6C5-4908-B708-E3E76604AE5D}.Release|x86.ActiveCfg = Release|Any CPU
		{6C80A865-F6C5-4908-B708-E3E76604AE5D}.Release|x86.Build.0 = Release|Any CPU
		{6C80A865-F6C5-4908-B708-E3E76604AE5D}.Зфсл|Any CPU.ActiveCfg = Зфсл|Any CPU
		{6C80A865-F6C5-4908-B708-E3E76604AE5D}.Зфсл|Any CPU.Build.0 = Зфсл|Any CPU
		{6C80A865-F6C5-4908-B708-E3E76604AE5D}.Зфсл|ARM.ActiveCfg = Зфсл|Any CPU
		{6C80A865-F6C5-4908-B708-E3E76604AE5D}.Зфсл|ARM.Build.0 = Зфсл|Any CPU
		{6C80A865-F6C5-4908-B708-E3E76604AE5D}.Зфсл|ARM64.ActiveCfg = Зфсл|Any CPU
		{6C80A865-F6C5-4908-B708-E3E76604AE5D}.Зфсл|ARM64.Build.0 = Зфсл|Any CPU
		{6C80A865-F6C5-4908-B708-E3E76604AE5D}.Зфсл|x64.ActiveCfg = Зфсл|Any CPU
		{6C80A865-F6C5-4908-B708-E3E76604AE5D}.Зфсл|x64.Build.0 = Зфсл|Any CPU
		{6C80A865-F6C5-4908-B708-E3E76604AE5D}.Зфсл|x86.ActiveCfg = Зфсл|Any CPU
		{6C80A865-F6C5-4908-B708-E3E76604AE5D}.Зфсл|x86.Build.0 = Зфсл|Any CPU
		{6C80A865-F6C5-4908-B708-E3E76604AE5D}.йй|Any CPU.ActiveCfg = Зфсл|Any CPU
		{6C80A865-F6C5-4908-B708-E3E76604AE5D}.йй|Any CPU.Build.0 = Зфсл|Any CPU
		{6C80A865-F6C5-4908-B708-E3E76604AE5D}.йй|ARM.ActiveCfg = Зфсл|Any CPU
		{6C80A865-F6C5-4908-B708-E3E76604AE5D}.йй|ARM.Build.0 = Зфсл|Any CPU
		{6C80A865-F6C5-4908-B708-E3E76604AE5D}.йй|ARM64.ActiveCfg = Зфсл|Any CPU
		{6C80A865-F6C5-4908-B708-E3E76604AE5D}.йй|ARM64.Build.0 = Зфсл|Any CPU
		{6C80A865-F6C5-4908-B708-E3E76604AE5D}.йй|x64.ActiveCfg = Зфсл|Any CPU
		{6C80A865-F6C5-4908-B708-E3E76604AE5D}.йй|x64.Build.0 = Зфсл|Any CPU
		{6C80A865-F6C5-4908-B708-E3E76604AE5D}.йй|x86.ActiveCfg = Зфсл|Any CPU
		{6C80A865-F6C5-4908-B708-E3E76604AE5D}.йй|x86.Build.0 = Зфсл|Any CPU
		{238AFC25-373E-4F03-85C4-743B673CCEA3}.Debug|Any CPU.ActiveCfg = Debug|Any CPU
		{238AFC25-373E-4F03-85C4-743B673CCEA3}.Debug|Any CPU.Build.0 = Debug|Any CPU
		{238AFC25-373E-4F03-85C4-743B673CCEA3}.Debug|ARM.ActiveCfg = Debug|Any CPU
		{238AFC25-373E-4F03-85C4-743B673CCEA3}.Debug|ARM.Build.0 = Debug|Any CPU
		{238AFC25-373E-4F03-85C4-743B673CCEA3}.Debug|ARM64.ActiveCfg = Debug|Any CPU
		{238AFC25-373E-4F03-85C4-743B673CCEA3}.Debug|ARM64.Build.0 = Debug|Any CPU
		{238AFC25-373E-4F03-85C4-743B673CCEA3}.Debug|x64.ActiveCfg = Debug|Any CPU
		{238AFC25-373E-4F03-85C4-743B673CCEA3}.Debug|x64.Build.0 = Debug|Any CPU
		{238AFC25-373E-4F03-85C4-743B673CCEA3}.Debug|x86.ActiveCfg = Debug|Any CPU
		{238AFC25-373E-4F03-85C4-743B673CCEA3}.Debug|x86.Build.0 = Debug|Any CPU
		{238AFC25-373E-4F03-85C4-743B673CCEA3}.qq|Any CPU.ActiveCfg = qq|Any CPU
		{238AFC25-373E-4F03-85C4-743B673CCEA3}.qq|Any CPU.Build.0 = qq|Any CPU
		{238AFC25-373E-4F03-85C4-743B673CCEA3}.qq|ARM.ActiveCfg = qq|Any CPU
		{238AFC25-373E-4F03-85C4-743B673CCEA3}.qq|ARM.Build.0 = qq|Any CPU
		{238AFC25-373E-4F03-85C4-743B673CCEA3}.qq|ARM64.ActiveCfg = qq|Any CPU
		{238AFC25-373E-4F03-85C4-743B673CCEA3}.qq|ARM64.Build.0 = qq|Any CPU
		{238AFC25-373E-4F03-85C4-743B673CCEA3}.qq|x64.ActiveCfg = qq|Any CPU
		{238AFC25-373E-4F03-85C4-743B673CCEA3}.qq|x64.Build.0 = qq|Any CPU
		{238AFC25-373E-4F03-85C4-743B673CCEA3}.qq|x86.ActiveCfg = qq|Any CPU
		{238AFC25-373E-4F03-85C4-743B673CCEA3}.qq|x86.Build.0 = qq|Any CPU
		{238AFC25-373E-4F03-85C4-743B673CCEA3}.Release|Any CPU.ActiveCfg = Release|Any CPU
		{238AFC25-373E-4F03-85C4-743B673CCEA3}.Release|Any CPU.Build.0 = Release|Any CPU
		{238AFC25-373E-4F03-85C4-743B673CCEA3}.Release|ARM.ActiveCfg = Release|Any CPU
		{238AFC25-373E-4F03-85C4-743B673CCEA3}.Release|ARM.Build.0 = Release|Any CPU
		{238AFC25-373E-4F03-85C4-743B673CCEA3}.Release|ARM64.ActiveCfg = Release|Any CPU
		{238AFC25-373E-4F03-85C4-743B673CCEA3}.Release|ARM64.Build.0 = Release|Any CPU
		{238AFC25-373E-4F03-85C4-743B673CCEA3}.Release|x64.ActiveCfg = Release|Any CPU
		{238AFC25-373E-4F03-85C4-743B673CCEA3}.Release|x64.Build.0 = Release|Any CPU
		{238AFC25-373E-4F03-85C4-743B673CCEA3}.Release|x86.ActiveCfg = Release|Any CPU
		{238AFC25-373E-4F03-85C4-743B673CCEA3}.Release|x86.Build.0 = Release|Any CPU
		{238AFC25-373E-4F03-85C4-743B673CCEA3}.Зфсл|Any CPU.ActiveCfg = Зфсл|Any CPU
		{238AFC25-373E-4F03-85C4-743B673CCEA3}.Зфсл|Any CPU.Build.0 = Зфсл|Any CPU
		{238AFC25-373E-4F03-85C4-743B673CCEA3}.Зфсл|ARM.ActiveCfg = Зфсл|Any CPU
		{238AFC25-373E-4F03-85C4-743B673CCEA3}.Зфсл|ARM.Build.0 = Зфсл|Any CPU
		{238AFC25-373E-4F03-85C4-743B673CCEA3}.Зфсл|ARM64.ActiveCfg = Зфсл|Any CPU
		{238AFC25-373E-4F03-85C4-743B673CCEA3}.Зфсл|ARM64.Build.0 = Зфсл|Any CPU
		{238AFC25-373E-4F03-85C4-743B673CCEA3}.Зфсл|x64.ActiveCfg = Зфсл|Any CPU
		{238AFC25-373E-4F03-85C4-743B673CCEA3}.Зфсл|x64.Build.0 = Зфсл|Any CPU
		{238AFC25-373E-4F03-85C4-743B673CCEA3}.Зфсл|x86.ActiveCfg = Зфсл|Any CPU
		{238AFC25-373E-4F03-85C4-743B673CCEA3}.Зфсл|x86.Build.0 = Зфсл|Any CPU
		{238AFC25-373E-4F03-85C4-743B673CCEA3}.йй|Any CPU.ActiveCfg = Зфсл|Any CPU
		{238AFC25-373E-4F03-85C4-743B673CCEA3}.йй|Any CPU.Build.0 = Зфсл|Any CPU
		{238AFC25-373E-4F03-85C4-743B673CCEA3}.йй|ARM.ActiveCfg = Зфсл|Any CPU
		{238AFC25-373E-4F03-85C4-743B673CCEA3}.йй|ARM.Build.0 = Зфсл|Any CPU
		{238AFC25-373E-4F03-85C4-743B673CCEA3}.йй|ARM64.ActiveCfg = Зфсл|Any CPU
		{238AFC25-373E-4F03-85C4-743B673CCEA3}.йй|ARM64.Build.0 = Зфсл|Any CPU
		{238AFC25-373E-4F03-85C4-743B673CCEA3}.йй|x64.ActiveCfg = Зфсл|Any CPU
		{238AFC25-373E-4F03-85C4-743B673CCEA3}.йй|x64.Build.0 = Зфсл|Any CPU
		{238AFC25-373E-4F03-85C4-743B673CCEA3}.йй|x86.ActiveCfg = Зфсл|Any CPU
		{238AFC25-373E-4F03-85C4-743B673CCEA3}.йй|x86.Build.0 = Зфсл|Any CPU
		{F7EC83CF-D816-411D-93B8-94F0360FC93F}.Debug|Any CPU.ActiveCfg = Debug|x64
		{F7EC83CF-D816-411D-93B8-94F0360FC93F}.Debug|Any CPU.Build.0 = Debug|x64
		{F7EC83CF-D816-411D-93B8-94F0360FC93F}.Debug|ARM.ActiveCfg = Debug|x64
		{F7EC83CF-D816-411D-93B8-94F0360FC93F}.Debug|ARM.Build.0 = Debug|x64
		{F7EC83CF-D816-411D-93B8-94F0360FC93F}.Debug|ARM64.ActiveCfg = Debug|x64
		{F7EC83CF-D816-411D-93B8-94F0360FC93F}.Debug|ARM64.Build.0 = Debug|x64
		{F7EC83CF-D816-411D-93B8-94F0360FC93F}.Debug|x64.ActiveCfg = Debug|x64
		{F7EC83CF-D816-411D-93B8-94F0360FC93F}.Debug|x64.Build.0 = Debug|x64
		{F7EC83CF-D816-411D-93B8-94F0360FC93F}.Debug|x86.ActiveCfg = Debug|x64
		{F7EC83CF-D816-411D-93B8-94F0360FC93F}.Debug|x86.Build.0 = Debug|x64
		{F7EC83CF-D816-411D-93B8-94F0360FC93F}.qq|Any CPU.ActiveCfg = Debug|x64
		{F7EC83CF-D816-411D-93B8-94F0360FC93F}.qq|Any CPU.Build.0 = Debug|x64
		{F7EC83CF-D816-411D-93B8-94F0360FC93F}.qq|ARM.ActiveCfg = Debug|x64
		{F7EC83CF-D816-411D-93B8-94F0360FC93F}.qq|ARM.Build.0 = Debug|x64
		{F7EC83CF-D816-411D-93B8-94F0360FC93F}.qq|ARM64.ActiveCfg = Debug|x64
		{F7EC83CF-D816-411D-93B8-94F0360FC93F}.qq|ARM64.Build.0 = Debug|x64
		{F7EC83CF-D816-411D-93B8-94F0360FC93F}.qq|x64.ActiveCfg = Debug|x64
		{F7EC83CF-D816-411D-93B8-94F0360FC93F}.qq|x64.Build.0 = Debug|x64
		{F7EC83CF-D816-411D-93B8-94F0360FC93F}.qq|x86.ActiveCfg = Debug|x64
		{F7EC83CF-D816-411D-93B8-94F0360FC93F}.qq|x86.Build.0 = Debug|x64
		{F7EC83CF-D816-411D-93B8-94F0360FC93F}.Release|Any CPU.ActiveCfg = Release|x64
		{F7EC83CF-D816-411D-93B8-94F0360FC93F}.Release|Any CPU.Build.0 = Release|x64
		{F7EC83CF-D816-411D-93B8-94F0360FC93F}.Release|ARM.ActiveCfg = Release|x64
		{F7EC83CF-D816-411D-93B8-94F0360FC93F}.Release|ARM.Build.0 = Release|x64
		{F7EC83CF-D816-411D-93B8-94F0360FC93F}.Release|ARM64.ActiveCfg = Release|x64
		{F7EC83CF-D816-411D-93B8-94F0360FC93F}.Release|ARM64.Build.0 = Release|x64
		{F7EC83CF-D816-411D-93B8-94F0360FC93F}.Release|x64.ActiveCfg = Release|x64
		{F7EC83CF-D816-411D-93B8-94F0360FC93F}.Release|x64.Build.0 = Release|x64
		{F7EC83CF-D816-411D-93B8-94F0360FC93F}.Release|x86.ActiveCfg = Release|x64
		{F7EC83CF-D816-411D-93B8-94F0360FC93F}.Release|x86.Build.0 = Release|x64
		{F7EC83CF-D816-411D-93B8-94F0360FC93F}.Зфсл|Any CPU.ActiveCfg = Debug|x64
		{F7EC83CF-D816-411D-93B8-94F0360FC93F}.Зфсл|Any CPU.Build.0 = Debug|x64
		{F7EC83CF-D816-411D-93B8-94F0360FC93F}.Зфсл|ARM.ActiveCfg = Debug|x64
		{F7EC83CF-D816-411D-93B8-94F0360FC93F}.Зфсл|ARM.Build.0 = Debug|x64
		{F7EC83CF-D816-411D-93B8-94F0360FC93F}.Зфсл|ARM64.ActiveCfg = Debug|x64
		{F7EC83CF-D816-411D-93B8-94F0360FC93F}.Зфсл|ARM64.Build.0 = Debug|x64
		{F7EC83CF-D816-411D-93B8-94F0360FC93F}.Зфсл|x64.ActiveCfg = Debug|x64
		{F7EC83CF-D816-411D-93B8-94F0360FC93F}.Зфсл|x64.Build.0 = Debug|x64
		{F7EC83CF-D816-411D-93B8-94F0360FC93F}.Зфсл|x86.ActiveCfg = Debug|x64
		{F7EC83CF-D816-411D-93B8-94F0360FC93F}.Зфсл|x86.Build.0 = Debug|x64
		{F7EC83CF-D816-411D-93B8-94F0360FC93F}.йй|Any CPU.ActiveCfg = Debug|x64
		{F7EC83CF-D816-411D-93B8-94F0360FC93F}.йй|Any CPU.Build.0 = Debug|x64
		{F7EC83CF-D816-411D-93B8-94F0360FC93F}.йй|ARM.ActiveCfg = Debug|x64
		{F7EC83CF-D816-411D-93B8-94F0360FC93F}.йй|ARM.Build.0 = Debug|x64
		{F7EC83CF-D816-411D-93B8-94F0360FC93F}.йй|ARM64.ActiveCfg = Debug|x64
		{F7EC83CF-D816-411D-93B8-94F0360FC93F}.йй|ARM64.Build.0 = Debug|x64
		{F7EC83CF-D816-411D-93B8-94F0360FC93F}.йй|x64.ActiveCfg = Debug|x64
		{F7EC83CF-D816-411D-93B8-94F0360FC93F}.йй|x64.Build.0 = Debug|x64
		{F7EC83CF-D816-411D-93B8-94F0360FC93F}.йй|x86.ActiveCfg = Debug|x64
		{F7EC83CF-D816-411D-93B8-94F0360FC93F}.йй|x86.Build.0 = Debug|x64
		{4121DA51-CCE1-43FA-A5EC-CCBB0EAFA98A}.Debug|Any CPU.ActiveCfg = Debug|x64
		{4121DA51-CCE1-43FA-A5EC-CCBB0EAFA98A}.Debug|Any CPU.Build.0 = Debug|x64
		{4121DA51-CCE1-43FA-A5EC-CCBB0EAFA98A}.Debug|ARM.ActiveCfg = Debug|x64
		{4121DA51-CCE1-43FA-A5EC-CCBB0EAFA98A}.Debug|ARM.Build.0 = Debug|x64
		{4121DA51-CCE1-43FA-A5EC-CCBB0EAFA98A}.Debug|ARM64.ActiveCfg = Debug|x64
		{4121DA51-CCE1-43FA-A5EC-CCBB0EAFA98A}.Debug|ARM64.Build.0 = Debug|x64
		{4121DA51-CCE1-43FA-A5EC-CCBB0EAFA98A}.Debug|x64.ActiveCfg = Debug|x64
		{4121DA51-CCE1-43FA-A5EC-CCBB0EAFA98A}.Debug|x64.Build.0 = Debug|x64
		{4121DA51-CCE1-43FA-A5EC-CCBB0EAFA98A}.Debug|x86.ActiveCfg = Debug|x64
		{4121DA51-CCE1-43FA-A5EC-CCBB0EAFA98A}.Debug|x86.Build.0 = Debug|x64
		{4121DA51-CCE1-43FA-A5EC-CCBB0EAFA98A}.qq|Any CPU.ActiveCfg = Debug|x64
		{4121DA51-CCE1-43FA-A5EC-CCBB0EAFA98A}.qq|Any CPU.Build.0 = Debug|x64
		{4121DA51-CCE1-43FA-A5EC-CCBB0EAFA98A}.qq|ARM.ActiveCfg = Debug|x64
		{4121DA51-CCE1-43FA-A5EC-CCBB0EAFA98A}.qq|ARM.Build.0 = Debug|x64
		{4121DA51-CCE1-43FA-A5EC-CCBB0EAFA98A}.qq|ARM64.ActiveCfg = Debug|x64
		{4121DA51-CCE1-43FA-A5EC-CCBB0EAFA98A}.qq|ARM64.Build.0 = Debug|x64
		{4121DA51-CCE1-43FA-A5EC-CCBB0EAFA98A}.qq|x64.ActiveCfg = Debug|x64
		{4121DA51-CCE1-43FA-A5EC-CCBB0EAFA98A}.qq|x64.Build.0 = Debug|x64
		{4121DA51-CCE1-43FA-A5EC-CCBB0EAFA98A}.qq|x86.ActiveCfg = Debug|x64
		{4121DA51-CCE1-43FA-A5EC-CCBB0EAFA98A}.qq|x86.Build.0 = Debug|x64
		{4121DA51-CCE1-43FA-A5EC-CCBB0EAFA98A}.Release|Any CPU.ActiveCfg = Release|x64
		{4121DA51-CCE1-43FA-A5EC-CCBB0EAFA98A}.Release|Any CPU.Build.0 = Release|x64
		{4121DA51-CCE1-43FA-A5EC-CCBB0EAFA98A}.Release|ARM.ActiveCfg = Release|x64
		{4121DA51-CCE1-43FA-A5EC-CCBB0EAFA98A}.Release|ARM.Build.0 = Release|x64
		{4121DA51-CCE1-43FA-A5EC-CCBB0EAFA98A}.Release|ARM64.ActiveCfg = Release|x64
		{4121DA51-CCE1-43FA-A5EC-CCBB0EAFA98A}.Release|ARM64.Build.0 = Release|x64
		{4121DA51-CCE1-43FA-A5EC-CCBB0EAFA98A}.Release|x64.ActiveCfg = Release|x64
		{4121DA51-CCE1-43FA-A5EC-CCBB0EAFA98A}.Release|x64.Build.0 = Release|x64
		{4121DA51-CCE1-43FA-A5EC-CCBB0EAFA98A}.Release|x86.ActiveCfg = Release|x64
		{4121DA51-CCE1-43FA-A5EC-CCBB0EAFA98A}.Release|x86.Build.0 = Release|x64
		{4121DA51-CCE1-43FA-A5EC-CCBB0EAFA98A}.Зфсл|Any CPU.ActiveCfg = Debug|x64
		{4121DA51-CCE1-43FA-A5EC-CCBB0EAFA98A}.Зфсл|Any CPU.Build.0 = Debug|x64
		{4121DA51-CCE1-43FA-A5EC-CCBB0EAFA98A}.Зфсл|ARM.ActiveCfg = Debug|x64
		{4121DA51-CCE1-43FA-A5EC-CCBB0EAFA98A}.Зфсл|ARM.Build.0 = Debug|x64
		{4121DA51-CCE1-43FA-A5EC-CCBB0EAFA98A}.Зфсл|ARM64.ActiveCfg = Debug|x64
		{4121DA51-CCE1-43FA-A5EC-CCBB0EAFA98A}.Зфсл|ARM64.Build.0 = Debug|x64
		{4121DA51-CCE1-43FA-A5EC-CCBB0EAFA98A}.Зфсл|x64.ActiveCfg = Debug|x64
		{4121DA51-CCE1-43FA-A5EC-CCBB0EAFA98A}.Зфсл|x64.Build.0 = Debug|x64
		{4121DA51-CCE1-43FA-A5EC-CCBB0EAFA98A}.Зфсл|x86.ActiveCfg = Debug|x64
		{4121DA51-CCE1-43FA-A5EC-CCBB0EAFA98A}.Зфсл|x86.Build.0 = Debug|x64
		{4121DA51-CCE1-43FA-A5EC-CCBB0EAFA98A}.йй|Any CPU.ActiveCfg = Debug|x64
		{4121DA51-CCE1-43FA-A5EC-CCBB0EAFA98A}.йй|Any CPU.Build.0 = Debug|x64
		{4121DA51-CCE1-43FA-A5EC-CCBB0EAFA98A}.йй|ARM.ActiveCfg = Debug|x64
		{4121DA51-CCE1-43FA-A5EC-CCBB0EAFA98A}.йй|ARM.Build.0 = Debug|x64
		{4121DA51-CCE1-43FA-A5EC-CCBB0EAFA98A}.йй|ARM64.ActiveCfg = Debug|x64
		{4121DA51-CCE1-43FA-A5EC-CCBB0EAFA98A}.йй|ARM64.Build.0 = Debug|x64
		{4121DA51-CCE1-43FA-A5EC-CCBB0EAFA98A}.йй|x64.ActiveCfg = Debug|x64
		{4121DA51-CCE1-43FA-A5EC-CCBB0EAFA98A}.йй|x64.Build.0 = Debug|x64
		{4121DA51-CCE1-43FA-A5EC-CCBB0EAFA98A}.йй|x86.ActiveCfg = Debug|x64
		{4121DA51-CCE1-43FA-A5EC-CCBB0EAFA98A}.йй|x86.Build.0 = Debug|x64
	EndGlobalSection
	GlobalSection(SolutionProperties) = preSolution
		HideSolutionNode = FALSE
	EndGlobalSection
	GlobalSection(ExtensibilityGlobals) = postSolution
		SolutionGuid = {4D492F0F-D505-4E4D-80F6-CC8F4C745AC2}
	EndGlobalSection
EndGlobal
